// !$*UTF8*$!
{
	archiveVersion = 1;
	classes = {
	};
	objectVersion = 55;
	objects = {

/* Begin PBXBuildFile section */
		421DA1F327A22FFF0073A877 /* CardXApp.swift in Sources */ = {isa = PBXBuildFile; fileRef = 421DA1F227A22FFF0073A877 /* CardXApp.swift */; };
		421DA1F527A22FFF0073A877 /* ContentView.swift in Sources */ = {isa = PBXBuildFile; fileRef = 421DA1F427A22FFF0073A877 /* ContentView.swift */; };
		421DA1F727A230000073A877 /* Assets.xcassets in Resources */ = {isa = PBXBuildFile; fileRef = 421DA1F627A230000073A877 /* Assets.xcassets */; };
		421DA1FA27A230000073A877 /* Preview Assets.xcassets in Resources */ = {isa = PBXBuildFile; fileRef = 421DA1F927A230000073A877 /* Preview Assets.xcassets */; };
		421DA21D27A231B00073A877 /* TestCard.swift in Sources */ = {isa = PBXBuildFile; fileRef = 421DA21C27A231B00073A877 /* TestCard.swift */; };
		4228F17427A363F900C10336 /* WeatherCard.swift in Sources */ = {isa = PBXBuildFile; fileRef = 4228F17327A363F900C10336 /* WeatherCard.swift */; };
		4228F17827A3661D00C10336 /* SunnyShape.swift in Sources */ = {isa = PBXBuildFile; fileRef = 4228F17727A3661D00C10336 /* SunnyShape.swift */; };
		429D751E27A36F5900A71D27 /* CloudyShape.swift in Sources */ = {isa = PBXBuildFile; fileRef = 429D751D27A36F5900A71D27 /* CloudyShape.swift */; };
		429D752127A3733600A71D27 /* WeatherTypes.swift in Sources */ = {isa = PBXBuildFile; fileRef = 429D752027A3733600A71D27 /* WeatherTypes.swift */; };
		429D752327A3769D00A71D27 /* RainyShape.swift in Sources */ = {isa = PBXBuildFile; fileRef = 429D752227A3769D00A71D27 /* RainyShape.swift */; };
		429D752627A376BE00A71D27 /* RandomHelper.swift in Sources */ = {isa = PBXBuildFile; fileRef = 429D752527A376BE00A71D27 /* RandomHelper.swift */; };
		EC4ED35427A8A55B00E32232 /* TimeCard.swift in Sources */ = {isa = PBXBuildFile; fileRef = EC4ED35327A8A55B00E32232 /* TimeCard.swift */; };
/* End PBXBuildFile section */

/* Begin PBXFileReference section */
		421DA1EF27A22FFF0073A877 /* CardX.app */ = {isa = PBXFileReference; explicitFileType = wrapper.application; includeInIndex = 0; path = CardX.app; sourceTree = BUILT_PRODUCTS_DIR; };
		421DA1F227A22FFF0073A877 /* CardXApp.swift */ = {isa = PBXFileReference; lastKnownFileType = sourcecode.swift; path = CardXApp.swift; sourceTree = "<group>"; };
		421DA1F427A22FFF0073A877 /* ContentView.swift */ = {isa = PBXFileReference; lastKnownFileType = sourcecode.swift; path = ContentView.swift; sourceTree = "<group>"; };
		421DA1F627A230000073A877 /* Assets.xcassets */ = {isa = PBXFileReference; lastKnownFileType = folder.assetcatalog; path = Assets.xcassets; sourceTree = "<group>"; };
		421DA1F927A230000073A877 /* Preview Assets.xcassets */ = {isa = PBXFileReference; lastKnownFileType = folder.assetcatalog; path = "Preview Assets.xcassets"; sourceTree = "<group>"; };
		421DA21C27A231B00073A877 /* TestCard.swift */ = {isa = PBXFileReference; lastKnownFileType = sourcecode.swift; path = TestCard.swift; sourceTree = "<group>"; tabWidth = 1; };
		4228F17327A363F900C10336 /* WeatherCard.swift */ = {isa = PBXFileReference; lastKnownFileType = sourcecode.swift; path = WeatherCard.swift; sourceTree = "<group>"; };
		4228F17727A3661D00C10336 /* SunnyShape.swift */ = {isa = PBXFileReference; lastKnownFileType = sourcecode.swift; path = SunnyShape.swift; sourceTree = "<group>"; };
		429D751D27A36F5900A71D27 /* CloudyShape.swift */ = {isa = PBXFileReference; lastKnownFileType = sourcecode.swift; path = CloudyShape.swift; sourceTree = "<group>"; };
		429D752027A3733600A71D27 /* WeatherTypes.swift */ = {isa = PBXFileReference; lastKnownFileType = sourcecode.swift; path = WeatherTypes.swift; sourceTree = "<group>"; };
		429D752227A3769D00A71D27 /* RainyShape.swift */ = {isa = PBXFileReference; lastKnownFileType = sourcecode.swift; path = RainyShape.swift; sourceTree = "<group>"; };
		429D752527A376BE00A71D27 /* RandomHelper.swift */ = {isa = PBXFileReference; lastKnownFileType = sourcecode.swift; path = RandomHelper.swift; sourceTree = "<group>"; };
		EC4ED35327A8A55B00E32232 /* TimeCard.swift */ = {isa = PBXFileReference; lastKnownFileType = sourcecode.swift; path = TimeCard.swift; sourceTree = "<group>"; };
/* End PBXFileReference section */

/* Begin PBXFrameworksBuildPhase section */
		421DA1EC27A22FFF0073A877 /* Frameworks */ = {
			isa = PBXFrameworksBuildPhase;
			buildActionMask = 2147483647;
			files = (
			);
			runOnlyForDeploymentPostprocessing = 0;
		};
/* End PBXFrameworksBuildPhase section */

/* Begin PBXGroup section */
		421DA1E627A22FFF0073A877 = {
			isa = PBXGroup;
			children = (
				421DA1F127A22FFF0073A877 /* CardX */,
				421DA1F027A22FFF0073A877 /* Products */,
			);
			sourceTree = "<group>";
		};
		421DA1F027A22FFF0073A877 /* Products */ = {
			isa = PBXGroup;
			children = (
				421DA1EF27A22FFF0073A877 /* CardX.app */,
			);
			name = Products;
			sourceTree = "<group>";
		};
		421DA1F127A22FFF0073A877 /* CardX */ = {
			isa = PBXGroup;
			children = (
				429D752427A376B100A71D27 /* Helper */,
				429D751F27A3732700A71D27 /* Models */,
				4228F17227A363D100C10336 /* Cards */,
				421DA1F227A22FFF0073A877 /* CardXApp.swift */,
				421DA1F427A22FFF0073A877 /* ContentView.swift */,
				421DA1F627A230000073A877 /* Assets.xcassets */,
				421DA1F827A230000073A877 /* Preview Content */,
			);
			path = CardX;
			sourceTree = "<group>";
		};
		421DA1F827A230000073A877 /* Preview Content */ = {
			isa = PBXGroup;
			children = (
				421DA1F927A230000073A877 /* Preview Assets.xcassets */,
			);
			path = "Preview Content";
			sourceTree = "<group>";
		};
		4228F17227A363D100C10336 /* Cards */ = {
			isa = PBXGroup;
			children = (
				4228F17627A3660700C10336 /* Weather */,
				421DA21C27A231B00073A877 /* TestCard.swift */,
				EC4ED35327A8A55B00E32232 /* TimeCard.swift */,
			);
			path = Cards;
			sourceTree = "<group>";
		};
		4228F17627A3660700C10336 /* Weather */ = {
			isa = PBXGroup;
			children = (
				429D751C27A36F3B00A71D27 /* Shape */,
				4228F17327A363F900C10336 /* WeatherCard.swift */,
			);
			path = Weather;
			sourceTree = "<group>";
		};
		429D751C27A36F3B00A71D27 /* Shape */ = {
			isa = PBXGroup;
			children = (
				4228F17727A3661D00C10336 /* SunnyShape.swift */,
				429D751D27A36F5900A71D27 /* CloudyShape.swift */,
				429D752227A3769D00A71D27 /* RainyShape.swift */,
			);
			path = Shape;
			sourceTree = "<group>";
		};
		429D751F27A3732700A71D27 /* Models */ = {
			isa = PBXGroup;
			children = (
				429D752027A3733600A71D27 /* WeatherTypes.swift */,
			);
			path = Models;
			sourceTree = "<group>";
		};
		429D752427A376B100A71D27 /* Helper */ = {
			isa = PBXGroup;
			children = (
				429D752527A376BE00A71D27 /* RandomHelper.swift */,
			);
			path = Helper;
			sourceTree = "<group>";
		};
/* End PBXGroup section */

/* Begin PBXNativeTarget section */
		421DA1EE27A22FFF0073A877 /* CardX */ = {
			isa = PBXNativeTarget;
			buildConfigurationList = 421DA21327A230000073A877 /* Build configuration list for PBXNativeTarget "CardX" */;
			buildPhases = (
				421DA1EB27A22FFF0073A877 /* Sources */,
				421DA1EC27A22FFF0073A877 /* Frameworks */,
				421DA1ED27A22FFF0073A877 /* Resources */,
			);
			buildRules = (
			);
			dependencies = (
			);
			name = CardX;
			productName = CardX;
			productReference = 421DA1EF27A22FFF0073A877 /* CardX.app */;
			productType = "com.apple.product-type.application";
		};
/* End PBXNativeTarget section */

/* Begin PBXProject section */
		421DA1E727A22FFF0073A877 /* Project object */ = {
			isa = PBXProject;
			attributes = {
				BuildIndependentTargetsInParallel = 1;
				LastSwiftUpdateCheck = 1320;
				LastUpgradeCheck = 1320;
				TargetAttributes = {
					421DA1EE27A22FFF0073A877 = {
						CreatedOnToolsVersion = 13.2.1;
					};
				};
			};
			buildConfigurationList = 421DA1EA27A22FFF0073A877 /* Build configuration list for PBXProject "CardX" */;
			compatibilityVersion = "Xcode 13.0";
			developmentRegion = en;
			hasScannedForEncodings = 0;
			knownRegions = (
				en,
				Base,
			);
			mainGroup = 421DA1E627A22FFF0073A877;
			productRefGroup = 421DA1F027A22FFF0073A877 /* Products */;
			projectDirPath = "";
			projectRoot = "";
			targets = (
				421DA1EE27A22FFF0073A877 /* CardX */,
			);
		};
/* End PBXProject section */

/* Begin PBXResourcesBuildPhase section */
		421DA1ED27A22FFF0073A877 /* Resources */ = {
			isa = PBXResourcesBuildPhase;
			buildActionMask = 2147483647;
			files = (
				421DA1FA27A230000073A877 /* Preview Assets.xcassets in Resources */,
				421DA1F727A230000073A877 /* Assets.xcassets in Resources */,
			);
			runOnlyForDeploymentPostprocessing = 0;
		};
/* End PBXResourcesBuildPhase section */

/* Begin PBXSourcesBuildPhase section */
		421DA1EB27A22FFF0073A877 /* Sources */ = {
			isa = PBXSourcesBuildPhase;
			buildActionMask = 2147483647;
			files = (
				4228F17827A3661D00C10336 /* SunnyShape.swift in Sources */,
				421DA21D27A231B00073A877 /* TestCard.swift in Sources */,
				421DA1F527A22FFF0073A877 /* ContentView.swift in Sources */,
				429D752127A3733600A71D27 /* WeatherTypes.swift in Sources */,
				429D752627A376BE00A71D27 /* RandomHelper.swift in Sources */,
				4228F17427A363F900C10336 /* WeatherCard.swift in Sources */,
				421DA1F327A22FFF0073A877 /* CardXApp.swift in Sources */,
				429D751E27A36F5900A71D27 /* CloudyShape.swift in Sources */,
				EC4ED35427A8A55B00E32232 /* TimeCard.swift in Sources */,
				429D752327A3769D00A71D27 /* RainyShape.swift in Sources */,
			);
			runOnlyForDeploymentPostprocessing = 0;
		};
/* End PBXSourcesBuildPhase section */

/* Begin XCBuildConfiguration section */
		421DA21127A230000073A877 /* Debug */ = {
			isa = XCBuildConfiguration;
			buildSettings = {
				ALWAYS_SEARCH_USER_PATHS = NO;
				CLANG_ANALYZER_NONNULL = YES;
				CLANG_ANALYZER_NUMBER_OBJECT_CONVERSION = YES_AGGRESSIVE;
				CLANG_CXX_LANGUAGE_STANDARD = "gnu++17";
				CLANG_CXX_LIBRARY = "libc++";
				CLANG_ENABLE_MODULES = YES;
				CLANG_ENABLE_OBJC_ARC = YES;
				CLANG_ENABLE_OBJC_WEAK = YES;
				CLANG_WARN_BLOCK_CAPTURE_AUTORELEASING = YES;
				CLANG_WARN_BOOL_CONVERSION = YES;
				CLANG_WARN_COMMA = YES;
				CLANG_WARN_CONSTANT_CONVERSION = YES;
				CLANG_WARN_DEPRECATED_OBJC_IMPLEMENTATIONS = YES;
				CLANG_WARN_DIRECT_OBJC_ISA_USAGE = YES_ERROR;
				CLANG_WARN_DOCUMENTATION_COMMENTS = YES;
				CLANG_WARN_EMPTY_BODY = YES;
				CLANG_WARN_ENUM_CONVERSION = YES;
				CLANG_WARN_INFINITE_RECURSION = YES;
				CLANG_WARN_INT_CONVERSION = YES;
				CLANG_WARN_NON_LITERAL_NULL_CONVERSION = YES;
				CLANG_WARN_OBJC_IMPLICIT_RETAIN_SELF = YES;
				CLANG_WARN_OBJC_LITERAL_CONVERSION = YES;
				CLANG_WARN_OBJC_ROOT_CLASS = YES_ERROR;
				CLANG_WARN_QUOTED_INCLUDE_IN_FRAMEWORK_HEADER = YES;
				CLANG_WARN_RANGE_LOOP_ANALYSIS = YES;
				CLANG_WARN_STRICT_PROTOTYPES = YES;
				CLANG_WARN_SUSPICIOUS_MOVE = YES;
				CLANG_WARN_UNGUARDED_AVAILABILITY = YES_AGGRESSIVE;
				CLANG_WARN_UNREACHABLE_CODE = YES;
				CLANG_WARN__DUPLICATE_METHOD_MATCH = YES;
				COPY_PHASE_STRIP = NO;
				DEBUG_INFORMATION_FORMAT = dwarf;
				ENABLE_STRICT_OBJC_MSGSEND = YES;
				ENABLE_TESTABILITY = YES;
				GCC_C_LANGUAGE_STANDARD = gnu11;
				GCC_DYNAMIC_NO_PIC = NO;
				GCC_NO_COMMON_BLOCKS = YES;
				GCC_OPTIMIZATION_LEVEL = 0;
				GCC_PREPROCESSOR_DEFINITIONS = (
					"DEBUG=1",
					"$(inherited)",
				);
				GCC_WARN_64_TO_32_BIT_CONVERSION = YES;
				GCC_WARN_ABOUT_RETURN_TYPE = YES_ERROR;
				GCC_WARN_UNDECLARED_SELECTOR = YES;
				GCC_WARN_UNINITIALIZED_AUTOS = YES_AGGRESSIVE;
				GCC_WARN_UNUSED_FUNCTION = YES;
				GCC_WARN_UNUSED_VARIABLE = YES;
				IPHONEOS_DEPLOYMENT_TARGET = 15.2;
				MTL_ENABLE_DEBUG_INFO = INCLUDE_SOURCE;
				MTL_FAST_MATH = YES;
				ONLY_ACTIVE_ARCH = YES;
				SDKROOT = iphoneos;
				SWIFT_ACTIVE_COMPILATION_CONDITIONS = DEBUG;
				SWIFT_OPTIMIZATION_LEVEL = "-Onone";
			};
			name = Debug;
		};
		421DA21227A230000073A877 /* Release */ = {
			isa = XCBuildConfiguration;
			buildSettings = {
				ALWAYS_SEARCH_USER_PATHS = NO;
				CLANG_ANALYZER_NONNULL = YES;
				CLANG_ANALYZER_NUMBER_OBJECT_CONVERSION = YES_AGGRESSIVE;
				CLANG_CXX_LANGUAGE_STANDARD = "gnu++17";
				CLANG_CXX_LIBRARY = "libc++";
				CLANG_ENABLE_MODULES = YES;
				CLANG_ENABLE_OBJC_ARC = YES;
				CLANG_ENABLE_OBJC_WEAK = YES;
				CLANG_WARN_BLOCK_CAPTURE_AUTORELEASING = YES;
				CLANG_WARN_BOOL_CONVERSION = YES;
				CLANG_WARN_COMMA = YES;
				CLANG_WARN_CONSTANT_CONVERSION = YES;
				CLANG_WARN_DEPRECATED_OBJC_IMPLEMENTATIONS = YES;
				CLANG_WARN_DIRECT_OBJC_ISA_USAGE = YES_ERROR;
				CLANG_WARN_DOCUMENTATION_COMMENTS = YES;
				CLANG_WARN_EMPTY_BODY = YES;
				CLANG_WARN_ENUM_CONVERSION = YES;
				CLANG_WARN_INFINITE_RECURSION = YES;
				CLANG_WARN_INT_CONVERSION = YES;
				CLANG_WARN_NON_LITERAL_NULL_CONVERSION = YES;
				CLANG_WARN_OBJC_IMPLICIT_RETAIN_SELF = YES;
				CLANG_WARN_OBJC_LITERAL_CONVERSION = YES;
				CLANG_WARN_OBJC_ROOT_CLASS = YES_ERROR;
				CLANG_WARN_QUOTED_INCLUDE_IN_FRAMEWORK_HEADER = YES;
				CLANG_WARN_RANGE_LOOP_ANALYSIS = YES;
				CLANG_WARN_STRICT_PROTOTYPES = YES;
				CLANG_WARN_SUSPICIOUS_MOVE = YES;
				CLANG_WARN_UNGUARDED_AVAILABILITY = YES_AGGRESSIVE;
				CLANG_WARN_UNREACHABLE_CODE = YES;
				CLANG_WARN__DUPLICATE_METHOD_MATCH = YES;
				COPY_PHASE_STRIP = NO;
				DEBUG_INFORMATION_FORMAT = "dwarf-with-dsym";
				ENABLE_NS_ASSERTIONS = NO;
				ENABLE_STRICT_OBJC_MSGSEND = YES;
				GCC_C_LANGUAGE_STANDARD = gnu11;
				GCC_NO_COMMON_BLOCKS = YES;
				GCC_WARN_64_TO_32_BIT_CONVERSION = YES;
				GCC_WARN_ABOUT_RETURN_TYPE = YES_ERROR;
				GCC_WARN_UNDECLARED_SELECTOR = YES;
				GCC_WARN_UNINITIALIZED_AUTOS = YES_AGGRESSIVE;
				GCC_WARN_UNUSED_FUNCTION = YES;
				GCC_WARN_UNUSED_VARIABLE = YES;
				IPHONEOS_DEPLOYMENT_TARGET = 15.2;
				MTL_ENABLE_DEBUG_INFO = NO;
				MTL_FAST_MATH = YES;
				SDKROOT = iphoneos;
				SWIFT_COMPILATION_MODE = wholemodule;
				SWIFT_OPTIMIZATION_LEVEL = "-O";
				VALIDATE_PRODUCT = YES;
			};
			name = Release;
		};
		421DA21427A230000073A877 /* Debug */ = {
			isa = XCBuildConfiguration;
			buildSettings = {
				ASSETCATALOG_COMPILER_APPICON_NAME = AppIcon;
				ASSETCATALOG_COMPILER_GLOBAL_ACCENT_COLOR_NAME = AccentColor;
				CODE_SIGN_STYLE = Automatic;
				CURRENT_PROJECT_VERSION = 1;
				DEVELOPMENT_ASSET_PATHS = "\"CardX/Preview Content\"";
				DEVELOPMENT_TEAM = X4QCHY7VK3;
				ENABLE_PREVIEWS = YES;
				GENERATE_INFOPLIST_FILE = YES;
				INFOPLIST_KEY_UIApplicationSceneManifest_Generation = YES;
				INFOPLIST_KEY_UIApplicationSupportsIndirectInputEvents = YES;
				INFOPLIST_KEY_UILaunchScreen_Generation = YES;
				INFOPLIST_KEY_UISupportedInterfaceOrientations_iPad = "UIInterfaceOrientationPortrait UIInterfaceOrientationPortraitUpsideDown UIInterfaceOrientationLandscapeLeft UIInterfaceOrientationLandscapeRight";
				INFOPLIST_KEY_UISupportedInterfaceOrientations_iPhone = "UIInterfaceOrientationPortrait UIInterfaceOrientationLandscapeLeft UIInterfaceOrientationLandscapeRight";
				LD_RUNPATH_SEARCH_PATHS = (
					"$(inherited)",
					"@executable_path/Frameworks",
				);
				MARKETING_VERSION = 1.0;
				PRODUCT_BUNDLE_IDENTIFIER = com.CardX.CardX;
				PRODUCT_NAME = "$(TARGET_NAME)";
				SWIFT_EMIT_LOC_STRINGS = YES;
				SWIFT_VERSION = 5.0;
				TARGETED_DEVICE_FAMILY = "1,2";
			};
			name = Debug;
		};
		421DA21527A230000073A877 /* Release */ = {
			isa = XCBuildConfiguration;
			buildSettings = {
				ASSETCATALOG_COMPILER_APPICON_NAME = AppIcon;
				ASSETCATALOG_COMPILER_GLOBAL_ACCENT_COLOR_NAME = AccentColor;
				CODE_SIGN_STYLE = Automatic;
				CURRENT_PROJECT_VERSION = 1;
				DEVELOPMENT_ASSET_PATHS = "\"CardX/Preview Content\"";
				DEVELOPMENT_TEAM = X4QCHY7VK3;
				ENABLE_PREVIEWS = YES;
				GENERATE_INFOPLIST_FILE = YES;
				INFOPLIST_KEY_UIApplicationSceneManifest_Generation = YES;
				INFOPLIST_KEY_UIApplicationSupportsIndirectInputEvents = YES;
				INFOPLIST_KEY_UILaunchScreen_Generation = YES;
				INFOPLIST_KEY_UISupportedInterfaceOrientations_iPad = "UIInterfaceOrientationPortrait UIInterfaceOrientationPortraitUpsideDown UIInterfaceOrientationLandscapeLeft UIInterfaceOrientationLandscapeRight";
				INFOPLIST_KEY_UISupportedInterfaceOrientations_iPhone = "UIInterfaceOrientationPortrait UIInterfaceOrientationLandscapeLeft UIInterfaceOrientationLandscapeRight";
				LD_RUNPATH_SEARCH_PATHS = (
					"$(inherited)",
					"@executable_path/Frameworks",
				);
				MARKETING_VERSION = 1.0;
				PRODUCT_BUNDLE_IDENTIFIER = com.CardX.CardX;
				PRODUCT_NAME = "$(TARGET_NAME)";
				SWIFT_EMIT_LOC_STRINGS = YES;
				SWIFT_VERSION = 5.0;
				TARGETED_DEVICE_FAMILY = "1,2";
			};
			name = Release;
		};
/* End XCBuildConfiguration section */

/* Begin XCConfigurationList section */
		421DA1EA27A22FFF0073A877 /* Build configuration list for PBXProject "CardX" */ = {
			isa = XCConfigurationList;
			buildConfigurations = (
				421DA21127A230000073A877 /* Debug */,
				421DA21227A230000073A877 /* Release */,
			);
			defaultConfigurationIsVisible = 0;
			defaultConfigurationName = Release;
		};
		421DA21327A230000073A877 /* Build configuration list for PBXNativeTarget "CardX" */ = {
			isa = XCConfigurationList;
			buildConfigurations = (
				421DA21427A230000073A877 /* Debug */,
				421DA21527A230000073A877 /* Release */,
			);
			defaultConfigurationIsVisible = 0;
			defaultConfigurationName = Release;
		};
/* End XCConfigurationList section */
	};
	rootObject = 421DA1E727A22FFF0073A877 /* Project object */;
}
