// !$*UTF8*$!
{
	archiveVersion = 1;
	classes = {
	};
	objectVersion = 55;
	objects = {

/* Begin PBXBuildFile section */
		36A56189C5B47474E748F0D6 /* Pods_CardX.framework in Frameworks */ = {isa = PBXBuildFile; fileRef = C3FC716AF3B40708766B8F91 /* Pods_CardX.framework */; };
		421BA58827CF004400F3C264 /* SwiftUIVisualEffects in Frameworks */ = {isa = PBXBuildFile; productRef = 421BA58727CF004400F3C264 /* SwiftUIVisualEffects */; };
		421DA1F327A22FFF0073A877 /* CardXApp.swift in Sources */ = {isa = PBXBuildFile; fileRef = 421DA1F227A22FFF0073A877 /* CardXApp.swift */; };
		421DA1F527A22FFF0073A877 /* ContentView.swift in Sources */ = {isa = PBXBuildFile; fileRef = 421DA1F427A22FFF0073A877 /* ContentView.swift */; };
		421DA1F727A230000073A877 /* Assets.xcassets in Resources */ = {isa = PBXBuildFile; fileRef = 421DA1F627A230000073A877 /* Assets.xcassets */; };
		421DA1FA27A230000073A877 /* Preview Assets.xcassets in Resources */ = {isa = PBXBuildFile; fileRef = 421DA1F927A230000073A877 /* Preview Assets.xcassets */; };
		421E34782819D5DC007C3D88 /* TabController.swift in Sources */ = {isa = PBXBuildFile; fileRef = 421E34772819D5DC007C3D88 /* TabController.swift */; };
		421E347A2819DE86007C3D88 /* GrowingButton.swift in Sources */ = {isa = PBXBuildFile; fileRef = 421E34792819DE86007C3D88 /* GrowingButton.swift */; };
		4231A1A0280CEA1700D3276F /* StartupView.swift in Sources */ = {isa = PBXBuildFile; fileRef = 4231A19F280CEA1700D3276F /* StartupView.swift */; };
		4231A1A2280CF76F00D3276F /* DraggableCardView.swift in Sources */ = {isa = PBXBuildFile; fileRef = 4231A1A1280CF76F00D3276F /* DraggableCardView.swift */; };
		4231A1A5280D065E00D3276F /* ViewExtension.swift in Sources */ = {isa = PBXBuildFile; fileRef = 4231A1A4280D065E00D3276F /* ViewExtension.swift */; };
		4231A1A7280D091300D3276F /* WidgetDetailView.swift in Sources */ = {isa = PBXBuildFile; fileRef = 4231A1A6280D091300D3276F /* WidgetDetailView.swift */; };
		42429AE327F6180200E8C21D /* RandomQuoteModel.swift in Sources */ = {isa = PBXBuildFile; fileRef = 421BA58A27CF037E00F3C264 /* RandomQuoteModel.swift */; };
		42429AE427F6180200E8C21D /* ContentModel.swift in Sources */ = {isa = PBXBuildFile; fileRef = 421BA58C27CF03D700F3C264 /* ContentModel.swift */; };
		42429AE527F6180200E8C21D /* CopyRightModel.swift in Sources */ = {isa = PBXBuildFile; fileRef = 421BA58E27CF050300F3C264 /* CopyRightModel.swift */; };
		42429AEC27F618E200E8C21D /* RandomQuoteEntry.swift in Sources */ = {isa = PBXBuildFile; fileRef = 42429AEA27F6186B00E8C21D /* RandomQuoteEntry.swift */; };
		42429AED27F618E600E8C21D /* RandomQuoteTimelineProvider.swift in Sources */ = {isa = PBXBuildFile; fileRef = 42429AE827F6185600E8C21D /* RandomQuoteTimelineProvider.swift */; };
		42429AEE27F618E900E8C21D /* RandomQuoteWidget.swift in Sources */ = {isa = PBXBuildFile; fileRef = 42429AE027F617BC00E8C21D /* RandomQuoteWidget.swift */; };
		42485EF8280C85D9006E90A1 /* BlurView.swift in Sources */ = {isa = PBXBuildFile; fileRef = 42485EF7280C85D9006E90A1 /* BlurView.swift */; };
		42485EFA280C86F5006E90A1 /* HomePageSupportedWidgetsModel.swift in Sources */ = {isa = PBXBuildFile; fileRef = 42485EF9280C86F5006E90A1 /* HomePageSupportedWidgetsModel.swift */; };
		426569062818CD710058926B /* RootView.swift in Sources */ = {isa = PBXBuildFile; fileRef = 426569052818CD710058926B /* RootView.swift */; };
		426569092818CD980058926B /* ViewType.swift in Sources */ = {isa = PBXBuildFile; fileRef = 426569082818CD980058926B /* ViewType.swift */; };
		4265690C2818CECB0058926B /* MovieDetailView.swift in Sources */ = {isa = PBXBuildFile; fileRef = 4265690B2818CECB0058926B /* MovieDetailView.swift */; };
		4265690F2818E9700058926B /* BindingExtension.swift in Sources */ = {isa = PBXBuildFile; fileRef = 4265690E2818E9700058926B /* BindingExtension.swift */; };
		426569112818EA0A0058926B /* MovieJsonModel.swift in Sources */ = {isa = PBXBuildFile; fileRef = 426569102818EA0A0058926B /* MovieJsonModel.swift */; };
		426569132818EA570058926B /* ImageExtension.swift in Sources */ = {isa = PBXBuildFile; fileRef = 426569122818EA570058926B /* ImageExtension.swift */; };
		426569142818EA590058926B /* ImageExtension.swift in Sources */ = {isa = PBXBuildFile; fileRef = 426569122818EA570058926B /* ImageExtension.swift */; };
		426569152818EA9E0058926B /* MovieJsonModel.swift in Sources */ = {isa = PBXBuildFile; fileRef = 426569102818EA0A0058926B /* MovieJsonModel.swift */; };
		426569172818EBA10058926B /* StringExtension.swift in Sources */ = {isa = PBXBuildFile; fileRef = 426569162818EBA10058926B /* StringExtension.swift */; };
		426569182818EBA10058926B /* StringExtension.swift in Sources */ = {isa = PBXBuildFile; fileRef = 426569162818EBA10058926B /* StringExtension.swift */; };
		4265691C2819BBA00058926B /* TodayInHistoryDetailView.swift in Sources */ = {isa = PBXBuildFile; fileRef = 4265691B2819BBA00058926B /* TodayInHistoryDetailView.swift */; };
		4265691E2819BE320058926B /* TodayInHistoryJsonModel.swift in Sources */ = {isa = PBXBuildFile; fileRef = 4265691D2819BE320058926B /* TodayInHistoryJsonModel.swift */; };
		4265691F2819BE320058926B /* TodayInHistoryJsonModel.swift in Sources */ = {isa = PBXBuildFile; fileRef = 4265691D2819BE320058926B /* TodayInHistoryJsonModel.swift */; };
		426569212819C2160058926B /* UselessFactsDetailView.swift in Sources */ = {isa = PBXBuildFile; fileRef = 426569202819C2160058926B /* UselessFactsDetailView.swift */; };
		426569232819C2E90058926B /* UselessFactsJsonModel.swift in Sources */ = {isa = PBXBuildFile; fileRef = 426569222819C2E90058926B /* UselessFactsJsonModel.swift */; };
		426569242819C2E90058926B /* UselessFactsJsonModel.swift in Sources */ = {isa = PBXBuildFile; fileRef = 426569222819C2E90058926B /* UselessFactsJsonModel.swift */; };
		426569262819C4DB0058926B /* RandomQuoteJsonModel.swift in Sources */ = {isa = PBXBuildFile; fileRef = 426569252819C4DB0058926B /* RandomQuoteJsonModel.swift */; };
		426569272819C4DB0058926B /* RandomQuoteJsonModel.swift in Sources */ = {isa = PBXBuildFile; fileRef = 426569252819C4DB0058926B /* RandomQuoteJsonModel.swift */; };
		426569282819C5060058926B /* RandomQuoteModel.swift in Sources */ = {isa = PBXBuildFile; fileRef = 421BA58A27CF037E00F3C264 /* RandomQuoteModel.swift */; };
		426569292819C5060058926B /* CopyRightModel.swift in Sources */ = {isa = PBXBuildFile; fileRef = 421BA58E27CF050300F3C264 /* CopyRightModel.swift */; };
		4265692A2819C5060058926B /* ContentModel.swift in Sources */ = {isa = PBXBuildFile; fileRef = 421BA58C27CF03D700F3C264 /* ContentModel.swift */; };
		4265692C2819C63D0058926B /* RandomQuoteDetailView.swift in Sources */ = {isa = PBXBuildFile; fileRef = 4265692B2819C63D0058926B /* RandomQuoteDetailView.swift */; };
		4278D19C27F585F800CFD523 /* WidgetKit.framework in Frameworks */ = {isa = PBXBuildFile; fileRef = 4278D19B27F585F800CFD523 /* WidgetKit.framework */; };
		4278D19E27F585F800CFD523 /* SwiftUI.framework in Frameworks */ = {isa = PBXBuildFile; fileRef = 4278D19D27F585F800CFD523 /* SwiftUI.framework */; };
		4278D1A127F585F800CFD523 /* CardXWidgets.swift in Sources */ = {isa = PBXBuildFile; fileRef = 4278D1A027F585F800CFD523 /* CardXWidgets.swift */; };
		4278D1A427F585FA00CFD523 /* Assets.xcassets in Resources */ = {isa = PBXBuildFile; fileRef = 4278D1A327F585FA00CFD523 /* Assets.xcassets */; };
		4278D1A627F585FA00CFD523 /* CardXWidgets.intentdefinition in Sources */ = {isa = PBXBuildFile; fileRef = 4278D1A227F585F800CFD523 /* CardXWidgets.intentdefinition */; };
		4278D1A727F585FA00CFD523 /* CardXWidgets.intentdefinition in Sources */ = {isa = PBXBuildFile; fileRef = 4278D1A227F585F800CFD523 /* CardXWidgets.intentdefinition */; };
		4278D1AA27F585FA00CFD523 /* CardXWidgetsExtension.appex in Embed App Extensions */ = {isa = PBXBuildFile; fileRef = 4278D19A27F585F800CFD523 /* CardXWidgetsExtension.appex */; settings = {ATTRIBUTES = (RemoveHeadersOnCopy, ); }; };
		4278D1B027F586D800CFD523 /* RandomWordModel.swift in Sources */ = {isa = PBXBuildFile; fileRef = 428C627327BDD0700038D15F /* RandomWordModel.swift */; };
		4278D1B327F586EF00CFD523 /* BriefTextControl.swift in Sources */ = {isa = PBXBuildFile; fileRef = 42A3118F27AC9F1900DA096A /* BriefTextControl.swift */; };
		4278D1B527F5870A00CFD523 /* RandomWordWidget.swift in Sources */ = {isa = PBXBuildFile; fileRef = 4278D1B427F5870A00CFD523 /* RandomWordWidget.swift */; };
		4278D1B727F612A600CFD523 /* RandomWordEntry.swift in Sources */ = {isa = PBXBuildFile; fileRef = 4278D1B627F612A600CFD523 /* RandomWordEntry.swift */; };
		4278D1B927F6130D00CFD523 /* RandomWordTimelineProvider.swift in Sources */ = {isa = PBXBuildFile; fileRef = 4278D1B827F6130D00CFD523 /* RandomWordTimelineProvider.swift */; };
		427CAE1C2813B3BA008278F2 /* ViewExtension.swift in Sources */ = {isa = PBXBuildFile; fileRef = 427CAE1A2813B3BA008278F2 /* ViewExtension.swift */; };
		427CAE1F2813B891008278F2 /* RandomAnimalPhotoEntry.swift in Sources */ = {isa = PBXBuildFile; fileRef = 427CAE1E2813B891008278F2 /* RandomAnimalPhotoEntry.swift */; };
		427CAE212813B89D008278F2 /* RandomAnimalPhotoTimelineProvider.swift in Sources */ = {isa = PBXBuildFile; fileRef = 427CAE202813B89D008278F2 /* RandomAnimalPhotoTimelineProvider.swift */; };
		427CAE232813B8A9008278F2 /* RandomAnimalPhotoWidget.swift in Sources */ = {isa = PBXBuildFile; fileRef = 427CAE222813B8A9008278F2 /* RandomAnimalPhotoWidget.swift */; };
		427CAE252813BA98008278F2 /* RandomAnimalModel.swift in Sources */ = {isa = PBXBuildFile; fileRef = 427CAE242813BA98008278F2 /* RandomAnimalModel.swift */; };
		428156F0280BCBD800DABD1C /* HomeView.swift in Sources */ = {isa = PBXBuildFile; fileRef = 428156EF280BCBD800DABD1C /* HomeView.swift */; };
		428156F2280BCC0C00DABD1C /* UsageView.swift in Sources */ = {isa = PBXBuildFile; fileRef = 428156F1280BCC0C00DABD1C /* UsageView.swift */; };
		428156F4280BCC2900DABD1C /* AboutView.swift in Sources */ = {isa = PBXBuildFile; fileRef = 428156F3280BCC2900DABD1C /* AboutView.swift */; };
		428156F6280BD92500DABD1C /* WebView.swift in Sources */ = {isa = PBXBuildFile; fileRef = 428156F5280BD92500DABD1C /* WebView.swift */; };
		428156F9280BEE8B00DABD1C /* HomePageCardModel.swift in Sources */ = {isa = PBXBuildFile; fileRef = 428156F8280BEE8B00DABD1C /* HomePageCardModel.swift */; };
		42A3119027AC9F1900DA096A /* BriefTextControl.swift in Sources */ = {isa = PBXBuildFile; fileRef = 42A3118F27AC9F1900DA096A /* BriefTextControl.swift */; };
		42A3119227ACA03B00DA096A /* CountDownText.swift in Sources */ = {isa = PBXBuildFile; fileRef = 42A3119127ACA03B00DA096A /* CountDownText.swift */; };
		42A3119727ACADB900DA096A /* CountDownCard.swift in Sources */ = {isa = PBXBuildFile; fileRef = 42A3119627ACADB900DA096A /* CountDownCard.swift */; };
		42A3119927ACAE2200DA096A /* CountDownTexts.swift in Sources */ = {isa = PBXBuildFile; fileRef = 42A3119827ACAE2200DA096A /* CountDownTexts.swift */; };
		42C0F5592807C20100DEF9C4 /* ColorExtension.swift in Sources */ = {isa = PBXBuildFile; fileRef = 42C0F5582807C20100DEF9C4 /* ColorExtension.swift */; };
		42C0F55A2807C22800DEF9C4 /* ColorExtension.swift in Sources */ = {isa = PBXBuildFile; fileRef = 42C0F5582807C20100DEF9C4 /* ColorExtension.swift */; };
		42C0F5632807D5C100DEF9C4 /* HistoryDataModel.swift in Sources */ = {isa = PBXBuildFile; fileRef = 42C0F55F2807D52F00DEF9C4 /* HistoryDataModel.swift */; };
		42C0F5642807D5C400DEF9C4 /* TodayInHistoryModel.swift in Sources */ = {isa = PBXBuildFile; fileRef = 42C0F55D2807D4BE00DEF9C4 /* TodayInHistoryModel.swift */; };
		42C0F5652807D5C600DEF9C4 /* LinkModel.swift in Sources */ = {isa = PBXBuildFile; fileRef = 42C0F5612807D5B300DEF9C4 /* LinkModel.swift */; };
		42C0F5672807D61700DEF9C4 /* TodayInHistoryWidget.swift in Sources */ = {isa = PBXBuildFile; fileRef = 42C0F5662807D61700DEF9C4 /* TodayInHistoryWidget.swift */; };
		42C0F5692807D63100DEF9C4 /* TodayInHistoryEntry.swift in Sources */ = {isa = PBXBuildFile; fileRef = 42C0F5682807D63100DEF9C4 /* TodayInHistoryEntry.swift */; };
		42C0F56B2807D64200DEF9C4 /* TodayInHistoryTimelineProvider.swift in Sources */ = {isa = PBXBuildFile; fileRef = 42C0F56A2807D64100DEF9C4 /* TodayInHistoryTimelineProvider.swift */; };
		42C0F56E280884B800DEF9C4 /* RandomMusicWidget.swift in Sources */ = {isa = PBXBuildFile; fileRef = 42C0F56D280884B800DEF9C4 /* RandomMusicWidget.swift */; };
		42C0F570280884C400DEF9C4 /* RandomMusicEntry.swift in Sources */ = {isa = PBXBuildFile; fileRef = 42C0F56F280884C400DEF9C4 /* RandomMusicEntry.swift */; };
		42C0F572280884D800DEF9C4 /* RandomMusicTimelineProvider.swift in Sources */ = {isa = PBXBuildFile; fileRef = 42C0F571280884D800DEF9C4 /* RandomMusicTimelineProvider.swift */; };
		42C0F57B28088ABC00DEF9C4 /* RandomMusicModel.swift in Sources */ = {isa = PBXBuildFile; fileRef = 42C0F57A28088ABC00DEF9C4 /* RandomMusicModel.swift */; };
		42C0F581280893C500DEF9C4 /* TrackModel.swift in Sources */ = {isa = PBXBuildFile; fileRef = 42C0F580280893C500DEF9C4 /* TrackModel.swift */; };
		42C0F58428089D0D00DEF9C4 /* 3270Medium.ttf in Resources */ = {isa = PBXBuildFile; fileRef = 42C0F58328089D0D00DEF9C4 /* 3270Medium.ttf */; };
		42C0F58528089D8000DEF9C4 /* 3270Medium.ttf in Resources */ = {isa = PBXBuildFile; fileRef = 42C0F58328089D0D00DEF9C4 /* 3270Medium.ttf */; };
		42C0F58828089E9000DEF9C4 /* RandomPhotoEntry.swift in Sources */ = {isa = PBXBuildFile; fileRef = 42C0F58728089E9000DEF9C4 /* RandomPhotoEntry.swift */; };
		42C0F58A28089EA300DEF9C4 /* RandomPhotoTimelineProvider.swift in Sources */ = {isa = PBXBuildFile; fileRef = 42C0F58928089EA300DEF9C4 /* RandomPhotoTimelineProvider.swift */; };
		42C0F58C28089EAF00DEF9C4 /* RandomPhotoWidget.swift in Sources */ = {isa = PBXBuildFile; fileRef = 42C0F58B28089EAF00DEF9C4 /* RandomPhotoWidget.swift */; };
		42C0F58F2808A10600DEF9C4 /* RandomPhotoModel.swift in Sources */ = {isa = PBXBuildFile; fileRef = 42C0F58E2808A10600DEF9C4 /* RandomPhotoModel.swift */; };
		42C0F5912808A18500DEF9C4 /* ExifModel.swift in Sources */ = {isa = PBXBuildFile; fileRef = 42C0F5902808A18500DEF9C4 /* ExifModel.swift */; };
		42C0F5932808BD0000DEF9C4 /* MultiProgressBar.swift in Sources */ = {isa = PBXBuildFile; fileRef = 42C0F5922808BD0000DEF9C4 /* MultiProgressBar.swift */; };
		42C0F5A12808CDFA00DEF9C4 /* MultiProgressBar.swift in Sources */ = {isa = PBXBuildFile; fileRef = 42C0F5922808BD0000DEF9C4 /* MultiProgressBar.swift */; };
		42DE98E928078938007F4DC7 /* SunnyShape.swift in Sources */ = {isa = PBXBuildFile; fileRef = 4228F17727A3661D00C10336 /* SunnyShape.swift */; };
		42DE98EA28078938007F4DC7 /* CloudyShape.swift in Sources */ = {isa = PBXBuildFile; fileRef = 429D751D27A36F5900A71D27 /* CloudyShape.swift */; };
		42DE98EB28078938007F4DC7 /* RainyShape.swift in Sources */ = {isa = PBXBuildFile; fileRef = 429D752227A3769D00A71D27 /* RainyShape.swift */; };
		42DE98ED2807893E007F4DC7 /* WeatherTypes.swift in Sources */ = {isa = PBXBuildFile; fileRef = 429D752027A3733600A71D27 /* WeatherTypes.swift */; };
		42DE98EE28078946007F4DC7 /* WeatherModel.swift in Sources */ = {isa = PBXBuildFile; fileRef = 421BA59C27D0A1E200F3C264 /* WeatherModel.swift */; };
		42DE98EF28078946007F4DC7 /* MainModel.swift in Sources */ = {isa = PBXBuildFile; fileRef = 421BA59E27D0A23100F3C264 /* MainModel.swift */; };
		42DE98F028078946007F4DC7 /* CoordinateModel.swift in Sources */ = {isa = PBXBuildFile; fileRef = 421BA59827D0A16D00F3C264 /* CoordinateModel.swift */; };
		42DE98F128078946007F4DC7 /* SysModel.swift in Sources */ = {isa = PBXBuildFile; fileRef = 421BA5A427D0A32600F3C264 /* SysModel.swift */; };
		42DE98F228078946007F4DC7 /* WindModel.swift in Sources */ = {isa = PBXBuildFile; fileRef = 421BA5A027D0A2A200F3C264 /* WindModel.swift */; };
		42DE98F328078946007F4DC7 /* CloudModel.swift in Sources */ = {isa = PBXBuildFile; fileRef = 421BA5A227D0A2DF00F3C264 /* CloudModel.swift */; };
		42DE98F428078946007F4DC7 /* WeatherResponseModel.swift in Sources */ = {isa = PBXBuildFile; fileRef = 421BA59A27D0A1AD00F3C264 /* WeatherResponseModel.swift */; };
		42DE98F728078A92007F4DC7 /* WeatherWidget.swift in Sources */ = {isa = PBXBuildFile; fileRef = 42DE98F528078A00007F4DC7 /* WeatherWidget.swift */; };
		42DE98F928078AC1007F4DC7 /* WeatherTimelineProvider.swift in Sources */ = {isa = PBXBuildFile; fileRef = 42DE98F828078AC1007F4DC7 /* WeatherTimelineProvider.swift */; };
		42DE98FB28078AF2007F4DC7 /* WeatherEntry.swift in Sources */ = {isa = PBXBuildFile; fileRef = 42DE98FA28078AF2007F4DC7 /* WeatherEntry.swift */; };
		42DE98FD28078D42007F4DC7 /* WidgetLocationManager.swift in Sources */ = {isa = PBXBuildFile; fileRef = 42DE98FC28078D42007F4DC7 /* WidgetLocationManager.swift */; };
		42DE98FE28078E7E007F4DC7 /* WeatherHelper.swift in Sources */ = {isa = PBXBuildFile; fileRef = 421BA5A627D0A61D00F3C264 /* WeatherHelper.swift */; };
		42DE98FF28079170007F4DC7 /* RandomHelper.swift in Sources */ = {isa = PBXBuildFile; fileRef = 429D752527A376BE00A71D27 /* RandomHelper.swift */; };
		42DE990628079E7F007F4DC7 /* MovieRecommendTimelineProvider.swift in Sources */ = {isa = PBXBuildFile; fileRef = 42DE990528079E7F007F4DC7 /* MovieRecommendTimelineProvider.swift */; };
		42DE990728079E81007F4DC7 /* MovieRecommendWidget.swift in Sources */ = {isa = PBXBuildFile; fileRef = 42DE990328079E60007F4DC7 /* MovieRecommendWidget.swift */; };
		42DE990928079E96007F4DC7 /* MovieRecommendEntry.swift in Sources */ = {isa = PBXBuildFile; fileRef = 42DE990828079E96007F4DC7 /* MovieRecommendEntry.swift */; };
		42DE990C2807A1DC007F4DC7 /* MovieDataModel.swift in Sources */ = {isa = PBXBuildFile; fileRef = 42DE990B2807A1DC007F4DC7 /* MovieDataModel.swift */; };
		42DE990E2807A26C007F4DC7 /* MovieModel.swift in Sources */ = {isa = PBXBuildFile; fileRef = 42DE990D2807A26C007F4DC7 /* MovieModel.swift */; };
		42DE99122807B856007F4DC7 /* UselessFactsModel.swift in Sources */ = {isa = PBXBuildFile; fileRef = 42DE99112807B856007F4DC7 /* UselessFactsModel.swift */; };
		42DE99142807B94B007F4DC7 /* UselessFactsWidget.swift in Sources */ = {isa = PBXBuildFile; fileRef = 42DE99132807B94A007F4DC7 /* UselessFactsWidget.swift */; };
		42DE99162807B95B007F4DC7 /* UselessFactsEntry.swift in Sources */ = {isa = PBXBuildFile; fileRef = 42DE99152807B95B007F4DC7 /* UselessFactsEntry.swift */; };
		42DE99182807B969007F4DC7 /* UselessFactsTimelineProvider.swift in Sources */ = {isa = PBXBuildFile; fileRef = 42DE99172807B969007F4DC7 /* UselessFactsTimelineProvider.swift */; };
		C039551B9D70CC26EB404E35 /* Pods_CardXWidgetsExtension.framework in Frameworks */ = {isa = PBXBuildFile; fileRef = 420A4E5D547E0D47B293784B /* Pods_CardXWidgetsExtension.framework */; };
		EC4ED35427A8A55B00E32232 /* TimeCard.swift in Sources */ = {isa = PBXBuildFile; fileRef = EC4ED35327A8A55B00E32232 /* TimeCard.swift */; };
/* End PBXBuildFile section */

/* Begin PBXContainerItemProxy section */
		4278D1A827F585FA00CFD523 /* PBXContainerItemProxy */ = {
			isa = PBXContainerItemProxy;
			containerPortal = 421DA1E727A22FFF0073A877 /* Project object */;
			proxyType = 1;
			remoteGlobalIDString = 4278D19927F585F800CFD523;
			remoteInfo = CardXWidgetsExtension;
		};
/* End PBXContainerItemProxy section */

/* Begin PBXCopyFilesBuildPhase section */
		4278D1AB27F585FA00CFD523 /* Embed App Extensions */ = {
			isa = PBXCopyFilesBuildPhase;
			buildActionMask = 2147483647;
			dstPath = "";
			dstSubfolderSpec = 13;
			files = (
				4278D1AA27F585FA00CFD523 /* CardXWidgetsExtension.appex in Embed App Extensions */,
			);
			name = "Embed App Extensions";
			runOnlyForDeploymentPostprocessing = 0;
		};
/* End PBXCopyFilesBuildPhase section */

/* Begin PBXFileReference section */
		26FFA2CC61A22E2F2B583867 /* Pods-CardXWidgetsExtension.release.xcconfig */ = {isa = PBXFileReference; includeInIndex = 1; lastKnownFileType = text.xcconfig; name = "Pods-CardXWidgetsExtension.release.xcconfig"; path = "Target Support Files/Pods-CardXWidgetsExtension/Pods-CardXWidgetsExtension.release.xcconfig"; sourceTree = "<group>"; };
		30715B27A4627460BE8440F7 /* Pods-CardXWidgetsExtension.debug.xcconfig */ = {isa = PBXFileReference; includeInIndex = 1; lastKnownFileType = text.xcconfig; name = "Pods-CardXWidgetsExtension.debug.xcconfig"; path = "Target Support Files/Pods-CardXWidgetsExtension/Pods-CardXWidgetsExtension.debug.xcconfig"; sourceTree = "<group>"; };
		420A4E5D547E0D47B293784B /* Pods_CardXWidgetsExtension.framework */ = {isa = PBXFileReference; explicitFileType = wrapper.framework; includeInIndex = 0; path = Pods_CardXWidgetsExtension.framework; sourceTree = BUILT_PRODUCTS_DIR; };
		421BA58A27CF037E00F3C264 /* RandomQuoteModel.swift */ = {isa = PBXFileReference; lastKnownFileType = sourcecode.swift; path = RandomQuoteModel.swift; sourceTree = "<group>"; };
		421BA58C27CF03D700F3C264 /* ContentModel.swift */ = {isa = PBXFileReference; lastKnownFileType = sourcecode.swift; path = ContentModel.swift; sourceTree = "<group>"; };
		421BA58E27CF050300F3C264 /* CopyRightModel.swift */ = {isa = PBXFileReference; lastKnownFileType = sourcecode.swift; path = CopyRightModel.swift; sourceTree = "<group>"; };
		421BA59527D09F0500F3C264 /* MapKit.framework */ = {isa = PBXFileReference; lastKnownFileType = wrapper.framework; name = MapKit.framework; path = System/Library/Frameworks/MapKit.framework; sourceTree = SDKROOT; };
		421BA59827D0A16D00F3C264 /* CoordinateModel.swift */ = {isa = PBXFileReference; lastKnownFileType = sourcecode.swift; path = CoordinateModel.swift; sourceTree = "<group>"; };
		421BA59A27D0A1AD00F3C264 /* WeatherResponseModel.swift */ = {isa = PBXFileReference; lastKnownFileType = sourcecode.swift; path = WeatherResponseModel.swift; sourceTree = "<group>"; };
		421BA59C27D0A1E200F3C264 /* WeatherModel.swift */ = {isa = PBXFileReference; lastKnownFileType = sourcecode.swift; path = WeatherModel.swift; sourceTree = "<group>"; };
		421BA59E27D0A23100F3C264 /* MainModel.swift */ = {isa = PBXFileReference; lastKnownFileType = sourcecode.swift; path = MainModel.swift; sourceTree = "<group>"; };
		421BA5A027D0A2A200F3C264 /* WindModel.swift */ = {isa = PBXFileReference; lastKnownFileType = sourcecode.swift; path = WindModel.swift; sourceTree = "<group>"; };
		421BA5A227D0A2DF00F3C264 /* CloudModel.swift */ = {isa = PBXFileReference; lastKnownFileType = sourcecode.swift; path = CloudModel.swift; sourceTree = "<group>"; };
		421BA5A427D0A32600F3C264 /* SysModel.swift */ = {isa = PBXFileReference; lastKnownFileType = sourcecode.swift; path = SysModel.swift; sourceTree = "<group>"; };
		421BA5A627D0A61D00F3C264 /* WeatherHelper.swift */ = {isa = PBXFileReference; lastKnownFileType = sourcecode.swift; path = WeatherHelper.swift; sourceTree = "<group>"; };
		421BA5A827D0AF3A00F3C264 /* CoreLocation.framework */ = {isa = PBXFileReference; lastKnownFileType = wrapper.framework; name = CoreLocation.framework; path = System/Library/Frameworks/CoreLocation.framework; sourceTree = SDKROOT; };
		421DA1EF27A22FFF0073A877 /* CardX.app */ = {isa = PBXFileReference; explicitFileType = wrapper.application; includeInIndex = 0; path = CardX.app; sourceTree = BUILT_PRODUCTS_DIR; };
		421DA1F227A22FFF0073A877 /* CardXApp.swift */ = {isa = PBXFileReference; lastKnownFileType = sourcecode.swift; path = CardXApp.swift; sourceTree = "<group>"; };
		421DA1F427A22FFF0073A877 /* ContentView.swift */ = {isa = PBXFileReference; lastKnownFileType = sourcecode.swift; path = ContentView.swift; sourceTree = "<group>"; };
		421DA1F627A230000073A877 /* Assets.xcassets */ = {isa = PBXFileReference; lastKnownFileType = folder.assetcatalog; path = Assets.xcassets; sourceTree = "<group>"; };
		421DA1F927A230000073A877 /* Preview Assets.xcassets */ = {isa = PBXFileReference; lastKnownFileType = folder.assetcatalog; path = "Preview Assets.xcassets"; sourceTree = "<group>"; };
		421E34772819D5DC007C3D88 /* TabController.swift */ = {isa = PBXFileReference; lastKnownFileType = sourcecode.swift; path = TabController.swift; sourceTree = "<group>"; };
		421E34792819DE86007C3D88 /* GrowingButton.swift */ = {isa = PBXFileReference; lastKnownFileType = sourcecode.swift; path = GrowingButton.swift; sourceTree = "<group>"; };
		4228F17727A3661D00C10336 /* SunnyShape.swift */ = {isa = PBXFileReference; lastKnownFileType = sourcecode.swift; path = SunnyShape.swift; sourceTree = "<group>"; };
		4231A19F280CEA1700D3276F /* StartupView.swift */ = {isa = PBXFileReference; lastKnownFileType = sourcecode.swift; path = StartupView.swift; sourceTree = "<group>"; };
		4231A1A1280CF76F00D3276F /* DraggableCardView.swift */ = {isa = PBXFileReference; lastKnownFileType = sourcecode.swift; path = DraggableCardView.swift; sourceTree = "<group>"; };
		4231A1A4280D065E00D3276F /* ViewExtension.swift */ = {isa = PBXFileReference; lastKnownFileType = sourcecode.swift; path = ViewExtension.swift; sourceTree = "<group>"; };
		4231A1A6280D091300D3276F /* WidgetDetailView.swift */ = {isa = PBXFileReference; lastKnownFileType = sourcecode.swift; path = WidgetDetailView.swift; sourceTree = "<group>"; };
		4231A1E0280F222C00D3276F /* Info.plist */ = {isa = PBXFileReference; lastKnownFileType = text.plist; path = Info.plist; sourceTree = "<group>"; };
		42429AE027F617BC00E8C21D /* RandomQuoteWidget.swift */ = {isa = PBXFileReference; lastKnownFileType = sourcecode.swift; path = RandomQuoteWidget.swift; sourceTree = "<group>"; };
		42429AE827F6185600E8C21D /* RandomQuoteTimelineProvider.swift */ = {isa = PBXFileReference; lastKnownFileType = sourcecode.swift; path = RandomQuoteTimelineProvider.swift; sourceTree = "<group>"; };
		42429AEA27F6186B00E8C21D /* RandomQuoteEntry.swift */ = {isa = PBXFileReference; lastKnownFileType = sourcecode.swift; path = RandomQuoteEntry.swift; sourceTree = "<group>"; };
		42485EF7280C85D9006E90A1 /* BlurView.swift */ = {isa = PBXFileReference; lastKnownFileType = sourcecode.swift; path = BlurView.swift; sourceTree = "<group>"; };
		42485EF9280C86F5006E90A1 /* HomePageSupportedWidgetsModel.swift */ = {isa = PBXFileReference; lastKnownFileType = sourcecode.swift; path = HomePageSupportedWidgetsModel.swift; sourceTree = "<group>"; };
		426569052818CD710058926B /* RootView.swift */ = {isa = PBXFileReference; lastKnownFileType = sourcecode.swift; path = RootView.swift; sourceTree = "<group>"; };
		426569082818CD980058926B /* ViewType.swift */ = {isa = PBXFileReference; lastKnownFileType = sourcecode.swift; path = ViewType.swift; sourceTree = "<group>"; };
		4265690B2818CECB0058926B /* MovieDetailView.swift */ = {isa = PBXFileReference; lastKnownFileType = sourcecode.swift; path = MovieDetailView.swift; sourceTree = "<group>"; };
		4265690D2818E0BA0058926B /* CardX.entitlements */ = {isa = PBXFileReference; lastKnownFileType = text.plist.entitlements; path = CardX.entitlements; sourceTree = "<group>"; };
		4265690E2818E9700058926B /* BindingExtension.swift */ = {isa = PBXFileReference; lastKnownFileType = sourcecode.swift; path = BindingExtension.swift; sourceTree = "<group>"; };
		426569102818EA0A0058926B /* MovieJsonModel.swift */ = {isa = PBXFileReference; lastKnownFileType = sourcecode.swift; path = MovieJsonModel.swift; sourceTree = "<group>"; };
		426569122818EA570058926B /* ImageExtension.swift */ = {isa = PBXFileReference; lastKnownFileType = sourcecode.swift; path = ImageExtension.swift; sourceTree = "<group>"; };
		426569162818EBA10058926B /* StringExtension.swift */ = {isa = PBXFileReference; lastKnownFileType = sourcecode.swift; path = StringExtension.swift; sourceTree = "<group>"; };
		4265691B2819BBA00058926B /* TodayInHistoryDetailView.swift */ = {isa = PBXFileReference; lastKnownFileType = sourcecode.swift; path = TodayInHistoryDetailView.swift; sourceTree = "<group>"; };
		4265691D2819BE320058926B /* TodayInHistoryJsonModel.swift */ = {isa = PBXFileReference; lastKnownFileType = sourcecode.swift; path = TodayInHistoryJsonModel.swift; sourceTree = "<group>"; };
		426569202819C2160058926B /* UselessFactsDetailView.swift */ = {isa = PBXFileReference; lastKnownFileType = sourcecode.swift; path = UselessFactsDetailView.swift; sourceTree = "<group>"; };
		426569222819C2E90058926B /* UselessFactsJsonModel.swift */ = {isa = PBXFileReference; lastKnownFileType = sourcecode.swift; path = UselessFactsJsonModel.swift; sourceTree = "<group>"; };
		426569252819C4DB0058926B /* RandomQuoteJsonModel.swift */ = {isa = PBXFileReference; lastKnownFileType = sourcecode.swift; path = RandomQuoteJsonModel.swift; sourceTree = "<group>"; };
		4265692B2819C63D0058926B /* RandomQuoteDetailView.swift */ = {isa = PBXFileReference; lastKnownFileType = sourcecode.swift; path = RandomQuoteDetailView.swift; sourceTree = "<group>"; };
		4278D19A27F585F800CFD523 /* CardXWidgetsExtension.appex */ = {isa = PBXFileReference; explicitFileType = "wrapper.app-extension"; includeInIndex = 0; path = CardXWidgetsExtension.appex; sourceTree = BUILT_PRODUCTS_DIR; };
		4278D19B27F585F800CFD523 /* WidgetKit.framework */ = {isa = PBXFileReference; lastKnownFileType = wrapper.framework; name = WidgetKit.framework; path = System/Library/Frameworks/WidgetKit.framework; sourceTree = SDKROOT; };
		4278D19D27F585F800CFD523 /* SwiftUI.framework */ = {isa = PBXFileReference; lastKnownFileType = wrapper.framework; name = SwiftUI.framework; path = System/Library/Frameworks/SwiftUI.framework; sourceTree = SDKROOT; };
		4278D1A027F585F800CFD523 /* CardXWidgets.swift */ = {isa = PBXFileReference; lastKnownFileType = sourcecode.swift; path = CardXWidgets.swift; sourceTree = "<group>"; };
		4278D1A227F585F800CFD523 /* CardXWidgets.intentdefinition */ = {isa = PBXFileReference; lastKnownFileType = file.intentdefinition; path = CardXWidgets.intentdefinition; sourceTree = "<group>"; };
		4278D1A327F585FA00CFD523 /* Assets.xcassets */ = {isa = PBXFileReference; lastKnownFileType = folder.assetcatalog; path = Assets.xcassets; sourceTree = "<group>"; };
		4278D1A527F585FA00CFD523 /* Info.plist */ = {isa = PBXFileReference; lastKnownFileType = text.plist.xml; path = Info.plist; sourceTree = "<group>"; };
		4278D1B427F5870A00CFD523 /* RandomWordWidget.swift */ = {isa = PBXFileReference; lastKnownFileType = sourcecode.swift; path = RandomWordWidget.swift; sourceTree = "<group>"; };
		4278D1B627F612A600CFD523 /* RandomWordEntry.swift */ = {isa = PBXFileReference; lastKnownFileType = sourcecode.swift; path = RandomWordEntry.swift; sourceTree = "<group>"; };
		4278D1B827F6130D00CFD523 /* RandomWordTimelineProvider.swift */ = {isa = PBXFileReference; lastKnownFileType = sourcecode.swift; path = RandomWordTimelineProvider.swift; sourceTree = "<group>"; };
		427CAE1A2813B3BA008278F2 /* ViewExtension.swift */ = {isa = PBXFileReference; lastKnownFileType = sourcecode.swift; path = ViewExtension.swift; sourceTree = "<group>"; };
		427CAE1E2813B891008278F2 /* RandomAnimalPhotoEntry.swift */ = {isa = PBXFileReference; lastKnownFileType = sourcecode.swift; path = RandomAnimalPhotoEntry.swift; sourceTree = "<group>"; };
		427CAE202813B89D008278F2 /* RandomAnimalPhotoTimelineProvider.swift */ = {isa = PBXFileReference; lastKnownFileType = sourcecode.swift; path = RandomAnimalPhotoTimelineProvider.swift; sourceTree = "<group>"; };
		427CAE222813B8A9008278F2 /* RandomAnimalPhotoWidget.swift */ = {isa = PBXFileReference; lastKnownFileType = sourcecode.swift; path = RandomAnimalPhotoWidget.swift; sourceTree = "<group>"; };
		427CAE242813BA98008278F2 /* RandomAnimalModel.swift */ = {isa = PBXFileReference; lastKnownFileType = sourcecode.swift; path = RandomAnimalModel.swift; sourceTree = "<group>"; };
		428156EF280BCBD800DABD1C /* HomeView.swift */ = {isa = PBXFileReference; lastKnownFileType = sourcecode.swift; path = HomeView.swift; sourceTree = "<group>"; };
		428156F1280BCC0C00DABD1C /* UsageView.swift */ = {isa = PBXFileReference; lastKnownFileType = sourcecode.swift; path = UsageView.swift; sourceTree = "<group>"; };
		428156F3280BCC2900DABD1C /* AboutView.swift */ = {isa = PBXFileReference; lastKnownFileType = sourcecode.swift; path = AboutView.swift; sourceTree = "<group>"; };
		428156F5280BD92500DABD1C /* WebView.swift */ = {isa = PBXFileReference; lastKnownFileType = sourcecode.swift; path = WebView.swift; sourceTree = "<group>"; };
		428156F8280BEE8B00DABD1C /* HomePageCardModel.swift */ = {isa = PBXFileReference; lastKnownFileType = sourcecode.swift; path = HomePageCardModel.swift; sourceTree = "<group>"; };
		428C627327BDD0700038D15F /* RandomWordModel.swift */ = {isa = PBXFileReference; lastKnownFileType = sourcecode.swift; path = RandomWordModel.swift; sourceTree = "<group>"; };
		429D751D27A36F5900A71D27 /* CloudyShape.swift */ = {isa = PBXFileReference; lastKnownFileType = sourcecode.swift; path = CloudyShape.swift; sourceTree = "<group>"; };
		429D752027A3733600A71D27 /* WeatherTypes.swift */ = {isa = PBXFileReference; lastKnownFileType = sourcecode.swift; path = WeatherTypes.swift; sourceTree = "<group>"; };
		429D752227A3769D00A71D27 /* RainyShape.swift */ = {isa = PBXFileReference; lastKnownFileType = sourcecode.swift; path = RainyShape.swift; sourceTree = "<group>"; };
		429D752527A376BE00A71D27 /* RandomHelper.swift */ = {isa = PBXFileReference; lastKnownFileType = sourcecode.swift; path = RandomHelper.swift; sourceTree = "<group>"; };
		42A3118F27AC9F1900DA096A /* BriefTextControl.swift */ = {isa = PBXFileReference; lastKnownFileType = sourcecode.swift; path = BriefTextControl.swift; sourceTree = "<group>"; };
		42A3119127ACA03B00DA096A /* CountDownText.swift */ = {isa = PBXFileReference; lastKnownFileType = sourcecode.swift; path = CountDownText.swift; sourceTree = "<group>"; };
		42A3119627ACADB900DA096A /* CountDownCard.swift */ = {isa = PBXFileReference; lastKnownFileType = sourcecode.swift; path = CountDownCard.swift; sourceTree = "<group>"; };
		42A3119827ACAE2200DA096A /* CountDownTexts.swift */ = {isa = PBXFileReference; lastKnownFileType = sourcecode.swift; path = CountDownTexts.swift; sourceTree = "<group>"; };
		42C0F5582807C20100DEF9C4 /* ColorExtension.swift */ = {isa = PBXFileReference; lastKnownFileType = sourcecode.swift; path = ColorExtension.swift; sourceTree = "<group>"; };
		42C0F55D2807D4BE00DEF9C4 /* TodayInHistoryModel.swift */ = {isa = PBXFileReference; lastKnownFileType = sourcecode.swift; path = TodayInHistoryModel.swift; sourceTree = "<group>"; };
		42C0F55F2807D52F00DEF9C4 /* HistoryDataModel.swift */ = {isa = PBXFileReference; lastKnownFileType = sourcecode.swift; path = HistoryDataModel.swift; sourceTree = "<group>"; };
		42C0F5612807D5B300DEF9C4 /* LinkModel.swift */ = {isa = PBXFileReference; lastKnownFileType = sourcecode.swift; path = LinkModel.swift; sourceTree = "<group>"; };
		42C0F5662807D61700DEF9C4 /* TodayInHistoryWidget.swift */ = {isa = PBXFileReference; lastKnownFileType = sourcecode.swift; path = TodayInHistoryWidget.swift; sourceTree = "<group>"; };
		42C0F5682807D63100DEF9C4 /* TodayInHistoryEntry.swift */ = {isa = PBXFileReference; lastKnownFileType = sourcecode.swift; path = TodayInHistoryEntry.swift; sourceTree = "<group>"; };
		42C0F56A2807D64100DEF9C4 /* TodayInHistoryTimelineProvider.swift */ = {isa = PBXFileReference; lastKnownFileType = sourcecode.swift; path = TodayInHistoryTimelineProvider.swift; sourceTree = "<group>"; };
		42C0F56D280884B800DEF9C4 /* RandomMusicWidget.swift */ = {isa = PBXFileReference; lastKnownFileType = sourcecode.swift; path = RandomMusicWidget.swift; sourceTree = "<group>"; };
		42C0F56F280884C400DEF9C4 /* RandomMusicEntry.swift */ = {isa = PBXFileReference; lastKnownFileType = sourcecode.swift; path = RandomMusicEntry.swift; sourceTree = "<group>"; };
		42C0F571280884D800DEF9C4 /* RandomMusicTimelineProvider.swift */ = {isa = PBXFileReference; lastKnownFileType = sourcecode.swift; path = RandomMusicTimelineProvider.swift; sourceTree = "<group>"; };
		42C0F57A28088ABC00DEF9C4 /* RandomMusicModel.swift */ = {isa = PBXFileReference; lastKnownFileType = sourcecode.swift; path = RandomMusicModel.swift; sourceTree = "<group>"; };
		42C0F580280893C500DEF9C4 /* TrackModel.swift */ = {isa = PBXFileReference; lastKnownFileType = sourcecode.swift; path = TrackModel.swift; sourceTree = "<group>"; };
		42C0F58328089D0D00DEF9C4 /* 3270Medium.ttf */ = {isa = PBXFileReference; lastKnownFileType = file; path = 3270Medium.ttf; sourceTree = "<group>"; };
		42C0F58728089E9000DEF9C4 /* RandomPhotoEntry.swift */ = {isa = PBXFileReference; lastKnownFileType = sourcecode.swift; path = RandomPhotoEntry.swift; sourceTree = "<group>"; };
		42C0F58928089EA300DEF9C4 /* RandomPhotoTimelineProvider.swift */ = {isa = PBXFileReference; lastKnownFileType = sourcecode.swift; path = RandomPhotoTimelineProvider.swift; sourceTree = "<group>"; };
		42C0F58B28089EAF00DEF9C4 /* RandomPhotoWidget.swift */ = {isa = PBXFileReference; lastKnownFileType = sourcecode.swift; path = RandomPhotoWidget.swift; sourceTree = "<group>"; };
		42C0F58E2808A10600DEF9C4 /* RandomPhotoModel.swift */ = {isa = PBXFileReference; lastKnownFileType = sourcecode.swift; path = RandomPhotoModel.swift; sourceTree = "<group>"; };
		42C0F5902808A18500DEF9C4 /* ExifModel.swift */ = {isa = PBXFileReference; lastKnownFileType = sourcecode.swift; path = ExifModel.swift; sourceTree = "<group>"; };
		42C0F5922808BD0000DEF9C4 /* MultiProgressBar.swift */ = {isa = PBXFileReference; lastKnownFileType = sourcecode.swift; path = MultiProgressBar.swift; sourceTree = "<group>"; };
		42DE98F528078A00007F4DC7 /* WeatherWidget.swift */ = {isa = PBXFileReference; lastKnownFileType = sourcecode.swift; path = WeatherWidget.swift; sourceTree = "<group>"; };
		42DE98F828078AC1007F4DC7 /* WeatherTimelineProvider.swift */ = {isa = PBXFileReference; lastKnownFileType = sourcecode.swift; path = WeatherTimelineProvider.swift; sourceTree = "<group>"; };
		42DE98FA28078AF2007F4DC7 /* WeatherEntry.swift */ = {isa = PBXFileReference; lastKnownFileType = sourcecode.swift; path = WeatherEntry.swift; sourceTree = "<group>"; };
		42DE98FC28078D42007F4DC7 /* WidgetLocationManager.swift */ = {isa = PBXFileReference; lastKnownFileType = sourcecode.swift; path = WidgetLocationManager.swift; sourceTree = "<group>"; };
		42DE990328079E60007F4DC7 /* MovieRecommendWidget.swift */ = {isa = PBXFileReference; lastKnownFileType = sourcecode.swift; path = MovieRecommendWidget.swift; sourceTree = "<group>"; };
		42DE990528079E7F007F4DC7 /* MovieRecommendTimelineProvider.swift */ = {isa = PBXFileReference; lastKnownFileType = sourcecode.swift; path = MovieRecommendTimelineProvider.swift; sourceTree = "<group>"; };
		42DE990828079E96007F4DC7 /* MovieRecommendEntry.swift */ = {isa = PBXFileReference; lastKnownFileType = sourcecode.swift; path = MovieRecommendEntry.swift; sourceTree = "<group>"; };
		42DE990B2807A1DC007F4DC7 /* MovieDataModel.swift */ = {isa = PBXFileReference; lastKnownFileType = sourcecode.swift; path = MovieDataModel.swift; sourceTree = "<group>"; };
		42DE990D2807A26C007F4DC7 /* MovieModel.swift */ = {isa = PBXFileReference; lastKnownFileType = sourcecode.swift; path = MovieModel.swift; sourceTree = "<group>"; };
		42DE99112807B856007F4DC7 /* UselessFactsModel.swift */ = {isa = PBXFileReference; lastKnownFileType = sourcecode.swift; path = UselessFactsModel.swift; sourceTree = "<group>"; };
		42DE99132807B94A007F4DC7 /* UselessFactsWidget.swift */ = {isa = PBXFileReference; lastKnownFileType = sourcecode.swift; path = UselessFactsWidget.swift; sourceTree = "<group>"; };
		42DE99152807B95B007F4DC7 /* UselessFactsEntry.swift */ = {isa = PBXFileReference; lastKnownFileType = sourcecode.swift; path = UselessFactsEntry.swift; sourceTree = "<group>"; };
		42DE99172807B969007F4DC7 /* UselessFactsTimelineProvider.swift */ = {isa = PBXFileReference; lastKnownFileType = sourcecode.swift; path = UselessFactsTimelineProvider.swift; sourceTree = "<group>"; };
		4C72F282627C7898B2985075 /* Pods-CardX.debug.xcconfig */ = {isa = PBXFileReference; includeInIndex = 1; lastKnownFileType = text.xcconfig; name = "Pods-CardX.debug.xcconfig"; path = "Target Support Files/Pods-CardX/Pods-CardX.debug.xcconfig"; sourceTree = "<group>"; };
		C3FC716AF3B40708766B8F91 /* Pods_CardX.framework */ = {isa = PBXFileReference; explicitFileType = wrapper.framework; includeInIndex = 0; path = Pods_CardX.framework; sourceTree = BUILT_PRODUCTS_DIR; };
		EC4ED35327A8A55B00E32232 /* TimeCard.swift */ = {isa = PBXFileReference; lastKnownFileType = sourcecode.swift; path = TimeCard.swift; sourceTree = "<group>"; };
		F44970FBB2DE9F5668705927 /* Pods-CardX.release.xcconfig */ = {isa = PBXFileReference; includeInIndex = 1; lastKnownFileType = text.xcconfig; name = "Pods-CardX.release.xcconfig"; path = "Target Support Files/Pods-CardX/Pods-CardX.release.xcconfig"; sourceTree = "<group>"; };
/* End PBXFileReference section */

/* Begin PBXFrameworksBuildPhase section */
		421DA1EC27A22FFF0073A877 /* Frameworks */ = {
			isa = PBXFrameworksBuildPhase;
			buildActionMask = 2147483647;
			files = (
				36A56189C5B47474E748F0D6 /* Pods_CardX.framework in Frameworks */,
				421BA58827CF004400F3C264 /* SwiftUIVisualEffects in Frameworks */,
			);
			runOnlyForDeploymentPostprocessing = 0;
		};
		4278D19727F585F800CFD523 /* Frameworks */ = {
			isa = PBXFrameworksBuildPhase;
			buildActionMask = 2147483647;
			files = (
				4278D19E27F585F800CFD523 /* SwiftUI.framework in Frameworks */,
				4278D19C27F585F800CFD523 /* WidgetKit.framework in Frameworks */,
				C039551B9D70CC26EB404E35 /* Pods_CardXWidgetsExtension.framework in Frameworks */,
			);
			runOnlyForDeploymentPostprocessing = 0;
		};
/* End PBXFrameworksBuildPhase section */

/* Begin PBXGroup section */
		0D94FCD519CA08B44AD07B69 /* Pods */ = {
			isa = PBXGroup;
			children = (
				4C72F282627C7898B2985075 /* Pods-CardX.debug.xcconfig */,
				F44970FBB2DE9F5668705927 /* Pods-CardX.release.xcconfig */,
				30715B27A4627460BE8440F7 /* Pods-CardXWidgetsExtension.debug.xcconfig */,
				26FFA2CC61A22E2F2B583867 /* Pods-CardXWidgetsExtension.release.xcconfig */,
			);
			path = Pods;
			sourceTree = "<group>";
		};
		421BA59727D0A15200F3C264 /* Weather */ = {
			isa = PBXGroup;
			children = (
				421BA59827D0A16D00F3C264 /* CoordinateModel.swift */,
				421BA59A27D0A1AD00F3C264 /* WeatherResponseModel.swift */,
				421BA59C27D0A1E200F3C264 /* WeatherModel.swift */,
				421BA59E27D0A23100F3C264 /* MainModel.swift */,
				421BA5A027D0A2A200F3C264 /* WindModel.swift */,
				421BA5A227D0A2DF00F3C264 /* CloudModel.swift */,
				421BA5A427D0A32600F3C264 /* SysModel.swift */,
			);
			path = Weather;
			sourceTree = "<group>";
		};
		421DA1E627A22FFF0073A877 = {
			isa = PBXGroup;
			children = (
				421DA1F127A22FFF0073A877 /* CardX */,
				4278D19F27F585F800CFD523 /* CardXWidgets */,
				421DA1F027A22FFF0073A877 /* Products */,
				0D94FCD519CA08B44AD07B69 /* Pods */,
				BAE316611966821190AF233C /* Frameworks */,
			);
			sourceTree = "<group>";
		};
		421DA1F027A22FFF0073A877 /* Products */ = {
			isa = PBXGroup;
			children = (
				421DA1EF27A22FFF0073A877 /* CardX.app */,
				4278D19A27F585F800CFD523 /* CardXWidgetsExtension.appex */,
			);
			name = Products;
			sourceTree = "<group>";
		};
		421DA1F127A22FFF0073A877 /* CardX */ = {
			isa = PBXGroup;
			children = (
				4265690D2818E0BA0058926B /* CardX.entitlements */,
				4231A1E0280F222C00D3276F /* Info.plist */,
				4228F17227A363D100C10336 /* Cards */,
				421DA1F227A22FFF0073A877 /* CardXApp.swift */,
				426569072818CD8D0058926B /* Models */,
				428156EE280BCBC300DABD1C /* Views */,
				4265690A2818CEAA0058926B /* Pages */,
				421DA1F827A230000073A877 /* Preview Content */,
				4231A1A3280D065200D3276F /* Extensions */,
				42C0F5922808BD0000DEF9C4 /* MultiProgressBar.swift */,
				428156F5280BD92500DABD1C /* WebView.swift */,
				42485EF7280C85D9006E90A1 /* BlurView.swift */,
				4231A1A1280CF76F00D3276F /* DraggableCardView.swift */,
				421DA1F627A230000073A877 /* Assets.xcassets */,
				421E34772819D5DC007C3D88 /* TabController.swift */,
			);
			path = CardX;
			sourceTree = "<group>";
		};
		421DA1F827A230000073A877 /* Preview Content */ = {
			isa = PBXGroup;
			children = (
				421DA1F927A230000073A877 /* Preview Assets.xcassets */,
			);
			path = "Preview Content";
			sourceTree = "<group>";
		};
		4228F17227A363D100C10336 /* Cards */ = {
			isa = PBXGroup;
			children = (
				428156F7280BEDDE00DABD1C /* Models */,
				42A3118F27AC9F1900DA096A /* BriefTextControl.swift */,
				42A3119327ACA1D600DA096A /* DaysCountDown */,
				EC4ED35327A8A55B00E32232 /* TimeCard.swift */,
				42A3119627ACADB900DA096A /* CountDownCard.swift */,
			);
			path = Cards;
			sourceTree = "<group>";
		};
		4228F17627A3660700C10336 /* Weather */ = {
			isa = PBXGroup;
			children = (
				429D751C27A36F3B00A71D27 /* Shape */,
			);
			path = Weather;
			sourceTree = "<group>";
		};
		4231A1A3280D065200D3276F /* Extensions */ = {
			isa = PBXGroup;
			children = (
				4231A1A4280D065E00D3276F /* ViewExtension.swift */,
				4265690E2818E9700058926B /* BindingExtension.swift */,
			);
			path = Extensions;
			sourceTree = "<group>";
		};
		42429ADF27F6178D00E8C21D /* RandomQuoteWidget */ = {
			isa = PBXGroup;
			children = (
				42429AE227F617F400E8C21D /* Models */,
				42429AE027F617BC00E8C21D /* RandomQuoteWidget.swift */,
				42429AE827F6185600E8C21D /* RandomQuoteTimelineProvider.swift */,
				42429AEA27F6186B00E8C21D /* RandomQuoteEntry.swift */,
			);
			path = RandomQuoteWidget;
			sourceTree = "<group>";
		};
		42429AE227F617F400E8C21D /* Models */ = {
			isa = PBXGroup;
			children = (
				421BA58A27CF037E00F3C264 /* RandomQuoteModel.swift */,
				421BA58C27CF03D700F3C264 /* ContentModel.swift */,
				421BA58E27CF050300F3C264 /* CopyRightModel.swift */,
				426569252819C4DB0058926B /* RandomQuoteJsonModel.swift */,
			);
			path = Models;
			sourceTree = "<group>";
		};
		426569072818CD8D0058926B /* Models */ = {
			isa = PBXGroup;
			children = (
				426569082818CD980058926B /* ViewType.swift */,
				421E34792819DE86007C3D88 /* GrowingButton.swift */,
			);
			path = Models;
			sourceTree = "<group>";
		};
		4265690A2818CEAA0058926B /* Pages */ = {
			isa = PBXGroup;
			children = (
				421DA1F427A22FFF0073A877 /* ContentView.swift */,
				426569052818CD710058926B /* RootView.swift */,
				4265690B2818CECB0058926B /* MovieDetailView.swift */,
				4265691B2819BBA00058926B /* TodayInHistoryDetailView.swift */,
				426569202819C2160058926B /* UselessFactsDetailView.swift */,
				4265692B2819C63D0058926B /* RandomQuoteDetailView.swift */,
			);
			path = Pages;
			sourceTree = "<group>";
		};
		4278D19F27F585F800CFD523 /* CardXWidgets */ = {
			isa = PBXGroup;
			children = (
				427CAE1D2813B864008278F2 /* RandomAnimalPhotoWidget */,
				42C0F58628089E7D00DEF9C4 /* RandomPhotoWidget */,
				42C0F56C2808849F00DEF9C4 /* RandomMusicWidget */,
				42C0F55B2807D44600DEF9C4 /* TodayInHistoryWidget */,
				42DE99102807B83B007F4DC7 /* UselessFactsWidget */,
				42DE990228079E01007F4DC7 /* MovieRecommendWidget */,
				42DE98E7280788FE007F4DC7 /* WeatherWidget */,
				42429ADF27F6178D00E8C21D /* RandomQuoteWidget */,
				4278D1AF27F586B500CFD523 /* RandomWordWidget */,
				42C0F58228089CE500DEF9C4 /* Resources */,
				42C0F5572807C1F400DEF9C4 /* Extensions */,
				42DE990F2807A333007F4DC7 /* Helpers */,
				4278D1A027F585F800CFD523 /* CardXWidgets.swift */,
				42DE98FC28078D42007F4DC7 /* WidgetLocationManager.swift */,
				4278D1A227F585F800CFD523 /* CardXWidgets.intentdefinition */,
				4278D1A327F585FA00CFD523 /* Assets.xcassets */,
				4278D1A527F585FA00CFD523 /* Info.plist */,
			);
			path = CardXWidgets;
			sourceTree = "<group>";
		};
		4278D1AF27F586B500CFD523 /* RandomWordWidget */ = {
			isa = PBXGroup;
			children = (
				428C627327BDD0700038D15F /* RandomWordModel.swift */,
				4278D1B427F5870A00CFD523 /* RandomWordWidget.swift */,
				4278D1B627F612A600CFD523 /* RandomWordEntry.swift */,
				4278D1B827F6130D00CFD523 /* RandomWordTimelineProvider.swift */,
			);
			path = RandomWordWidget;
			sourceTree = "<group>";
		};
		427CAE1D2813B864008278F2 /* RandomAnimalPhotoWidget */ = {
			isa = PBXGroup;
			children = (
				427CAE1E2813B891008278F2 /* RandomAnimalPhotoEntry.swift */,
				427CAE202813B89D008278F2 /* RandomAnimalPhotoTimelineProvider.swift */,
				427CAE222813B8A9008278F2 /* RandomAnimalPhotoWidget.swift */,
				427CAE242813BA98008278F2 /* RandomAnimalModel.swift */,
			);
			path = RandomAnimalPhotoWidget;
			sourceTree = "<group>";
		};
		428156EE280BCBC300DABD1C /* Views */ = {
			isa = PBXGroup;
			children = (
				428156EF280BCBD800DABD1C /* HomeView.swift */,
				428156F1280BCC0C00DABD1C /* UsageView.swift */,
				428156F3280BCC2900DABD1C /* AboutView.swift */,
				4231A19F280CEA1700D3276F /* StartupView.swift */,
				4231A1A6280D091300D3276F /* WidgetDetailView.swift */,
			);
			path = Views;
			sourceTree = "<group>";
		};
		428156F7280BEDDE00DABD1C /* Models */ = {
			isa = PBXGroup;
			children = (
				428156F8280BEE8B00DABD1C /* HomePageCardModel.swift */,
				42485EF9280C86F5006E90A1 /* HomePageSupportedWidgetsModel.swift */,
			);
			path = Models;
			sourceTree = "<group>";
		};
		429D751C27A36F3B00A71D27 /* Shape */ = {
			isa = PBXGroup;
			children = (
				4228F17727A3661D00C10336 /* SunnyShape.swift */,
				429D751D27A36F5900A71D27 /* CloudyShape.swift */,
				429D752227A3769D00A71D27 /* RainyShape.swift */,
			);
			path = Shape;
			sourceTree = "<group>";
		};
		429D751F27A3732700A71D27 /* Models */ = {
			isa = PBXGroup;
			children = (
				421BA59727D0A15200F3C264 /* Weather */,
				429D752027A3733600A71D27 /* WeatherTypes.swift */,
			);
			path = Models;
			sourceTree = "<group>";
		};
		42A3119327ACA1D600DA096A /* DaysCountDown */ = {
			isa = PBXGroup;
			children = (
				42A3119127ACA03B00DA096A /* CountDownText.swift */,
				42A3119827ACAE2200DA096A /* CountDownTexts.swift */,
			);
			path = DaysCountDown;
			sourceTree = "<group>";
		};
		42C0F5572807C1F400DEF9C4 /* Extensions */ = {
			isa = PBXGroup;
			children = (
				42C0F5582807C20100DEF9C4 /* ColorExtension.swift */,
				427CAE1A2813B3BA008278F2 /* ViewExtension.swift */,
				426569122818EA570058926B /* ImageExtension.swift */,
				426569162818EBA10058926B /* StringExtension.swift */,
			);
			path = Extensions;
			sourceTree = "<group>";
		};
		42C0F55B2807D44600DEF9C4 /* TodayInHistoryWidget */ = {
			isa = PBXGroup;
			children = (
				42C0F55C2807D4AC00DEF9C4 /* Models */,
				42C0F5662807D61700DEF9C4 /* TodayInHistoryWidget.swift */,
				42C0F5682807D63100DEF9C4 /* TodayInHistoryEntry.swift */,
				42C0F56A2807D64100DEF9C4 /* TodayInHistoryTimelineProvider.swift */,
			);
			path = TodayInHistoryWidget;
			sourceTree = "<group>";
		};
		42C0F55C2807D4AC00DEF9C4 /* Models */ = {
			isa = PBXGroup;
			children = (
				42C0F55D2807D4BE00DEF9C4 /* TodayInHistoryModel.swift */,
				42C0F55F2807D52F00DEF9C4 /* HistoryDataModel.swift */,
				42C0F5612807D5B300DEF9C4 /* LinkModel.swift */,
				4265691D2819BE320058926B /* TodayInHistoryJsonModel.swift */,
			);
			path = Models;
			sourceTree = "<group>";
		};
		42C0F56C2808849F00DEF9C4 /* RandomMusicWidget */ = {
			isa = PBXGroup;
			children = (
				42C0F573280884DD00DEF9C4 /* Models */,
				42C0F56D280884B800DEF9C4 /* RandomMusicWidget.swift */,
				42C0F56F280884C400DEF9C4 /* RandomMusicEntry.swift */,
				42C0F571280884D800DEF9C4 /* RandomMusicTimelineProvider.swift */,
			);
			path = RandomMusicWidget;
			sourceTree = "<group>";
		};
		42C0F573280884DD00DEF9C4 /* Models */ = {
			isa = PBXGroup;
			children = (
				42C0F57A28088ABC00DEF9C4 /* RandomMusicModel.swift */,
				42C0F580280893C500DEF9C4 /* TrackModel.swift */,
			);
			path = Models;
			sourceTree = "<group>";
		};
		42C0F58228089CE500DEF9C4 /* Resources */ = {
			isa = PBXGroup;
			children = (
				42C0F58328089D0D00DEF9C4 /* 3270Medium.ttf */,
			);
			path = Resources;
			sourceTree = "<group>";
		};
		42C0F58628089E7D00DEF9C4 /* RandomPhotoWidget */ = {
			isa = PBXGroup;
			children = (
				42C0F58D2808A0F200DEF9C4 /* Models */,
				42C0F58728089E9000DEF9C4 /* RandomPhotoEntry.swift */,
				42C0F58928089EA300DEF9C4 /* RandomPhotoTimelineProvider.swift */,
				42C0F58B28089EAF00DEF9C4 /* RandomPhotoWidget.swift */,
			);
			path = RandomPhotoWidget;
			sourceTree = "<group>";
		};
		42C0F58D2808A0F200DEF9C4 /* Models */ = {
			isa = PBXGroup;
			children = (
				42C0F58E2808A10600DEF9C4 /* RandomPhotoModel.swift */,
				42C0F5902808A18500DEF9C4 /* ExifModel.swift */,
			);
			path = Models;
			sourceTree = "<group>";
		};
		42DE98E7280788FE007F4DC7 /* WeatherWidget */ = {
			isa = PBXGroup;
			children = (
				4228F17627A3660700C10336 /* Weather */,
				429D751F27A3732700A71D27 /* Models */,
				42DE98F528078A00007F4DC7 /* WeatherWidget.swift */,
				421BA5A627D0A61D00F3C264 /* WeatherHelper.swift */,
				42DE98F828078AC1007F4DC7 /* WeatherTimelineProvider.swift */,
				42DE98FA28078AF2007F4DC7 /* WeatherEntry.swift */,
			);
			path = WeatherWidget;
			sourceTree = "<group>";
		};
		42DE990228079E01007F4DC7 /* MovieRecommendWidget */ = {
			isa = PBXGroup;
			children = (
				42DE990A2807A10A007F4DC7 /* Models */,
				42DE990328079E60007F4DC7 /* MovieRecommendWidget.swift */,
				42DE990528079E7F007F4DC7 /* MovieRecommendTimelineProvider.swift */,
				42DE990828079E96007F4DC7 /* MovieRecommendEntry.swift */,
			);
			path = MovieRecommendWidget;
			sourceTree = "<group>";
		};
		42DE990A2807A10A007F4DC7 /* Models */ = {
			isa = PBXGroup;
			children = (
				42DE990B2807A1DC007F4DC7 /* MovieDataModel.swift */,
				42DE990D2807A26C007F4DC7 /* MovieModel.swift */,
				426569102818EA0A0058926B /* MovieJsonModel.swift */,
			);
			path = Models;
			sourceTree = "<group>";
		};
		42DE990F2807A333007F4DC7 /* Helpers */ = {
			isa = PBXGroup;
			children = (
				429D752527A376BE00A71D27 /* RandomHelper.swift */,
			);
			path = Helpers;
			sourceTree = "<group>";
		};
		42DE99102807B83B007F4DC7 /* UselessFactsWidget */ = {
			isa = PBXGroup;
			children = (
				42DE99112807B856007F4DC7 /* UselessFactsModel.swift */,
				42DE99132807B94A007F4DC7 /* UselessFactsWidget.swift */,
				42DE99152807B95B007F4DC7 /* UselessFactsEntry.swift */,
				42DE99172807B969007F4DC7 /* UselessFactsTimelineProvider.swift */,
				426569222819C2E90058926B /* UselessFactsJsonModel.swift */,
			);
			path = UselessFactsWidget;
			sourceTree = "<group>";
		};
		BAE316611966821190AF233C /* Frameworks */ = {
			isa = PBXGroup;
			children = (
				421BA5A827D0AF3A00F3C264 /* CoreLocation.framework */,
				421BA59527D09F0500F3C264 /* MapKit.framework */,
				C3FC716AF3B40708766B8F91 /* Pods_CardX.framework */,
				4278D19B27F585F800CFD523 /* WidgetKit.framework */,
				4278D19D27F585F800CFD523 /* SwiftUI.framework */,
				420A4E5D547E0D47B293784B /* Pods_CardXWidgetsExtension.framework */,
			);
			name = Frameworks;
			sourceTree = "<group>";
		};
/* End PBXGroup section */

/* Begin PBXNativeTarget section */
		421DA1EE27A22FFF0073A877 /* CardX */ = {
			isa = PBXNativeTarget;
			buildConfigurationList = 421DA21327A230000073A877 /* Build configuration list for PBXNativeTarget "CardX" */;
			buildPhases = (
				9DD219EE5833400B4E8439A7 /* [CP] Check Pods Manifest.lock */,
				421DA1EB27A22FFF0073A877 /* Sources */,
				421DA1EC27A22FFF0073A877 /* Frameworks */,
				421DA1ED27A22FFF0073A877 /* Resources */,
				0E78C64FAA3CF6BB87F46ACA /* [CP] Embed Pods Frameworks */,
				4278D1AB27F585FA00CFD523 /* Embed App Extensions */,
			);
			buildRules = (
			);
			dependencies = (
				4278D1A927F585FA00CFD523 /* PBXTargetDependency */,
			);
			name = CardX;
			packageProductDependencies = (
				421BA58727CF004400F3C264 /* SwiftUIVisualEffects */,
			);
			productName = CardX;
			productReference = 421DA1EF27A22FFF0073A877 /* CardX.app */;
			productType = "com.apple.product-type.application";
		};
		4278D19927F585F800CFD523 /* CardXWidgetsExtension */ = {
			isa = PBXNativeTarget;
			buildConfigurationList = 4278D1AE27F585FA00CFD523 /* Build configuration list for PBXNativeTarget "CardXWidgetsExtension" */;
			buildPhases = (
				AA6BC99E086F0DA04089F839 /* [CP] Check Pods Manifest.lock */,
				4278D19627F585F800CFD523 /* Sources */,
				4278D19727F585F800CFD523 /* Frameworks */,
				4278D19827F585F800CFD523 /* Resources */,
			);
			buildRules = (
			);
			dependencies = (
			);
			name = CardXWidgetsExtension;
			packageProductDependencies = (
			);
			productName = CardXWidgetsExtension;
			productReference = 4278D19A27F585F800CFD523 /* CardXWidgetsExtension.appex */;
			productType = "com.apple.product-type.app-extension";
		};
/* End PBXNativeTarget section */

/* Begin PBXProject section */
		421DA1E727A22FFF0073A877 /* Project object */ = {
			isa = PBXProject;
			attributes = {
				BuildIndependentTargetsInParallel = 1;
				LastSwiftUpdateCheck = 1330;
				LastUpgradeCheck = 1320;
				TargetAttributes = {
					421DA1EE27A22FFF0073A877 = {
						CreatedOnToolsVersion = 13.2.1;
					};
					4278D19927F585F800CFD523 = {
						CreatedOnToolsVersion = 13.3;
					};
				};
			};
			buildConfigurationList = 421DA1EA27A22FFF0073A877 /* Build configuration list for PBXProject "CardX" */;
			compatibilityVersion = "Xcode 13.0";
			developmentRegion = en;
			hasScannedForEncodings = 0;
			knownRegions = (
				en,
				Base,
			);
			mainGroup = 421DA1E627A22FFF0073A877;
			packageReferences = (
				421BA58627CF004400F3C264 /* XCRemoteSwiftPackageReference "swiftui-visual-effects" */,
			);
			productRefGroup = 421DA1F027A22FFF0073A877 /* Products */;
			projectDirPath = "";
			projectRoot = "";
			targets = (
				421DA1EE27A22FFF0073A877 /* CardX */,
				4278D19927F585F800CFD523 /* CardXWidgetsExtension */,
			);
		};
/* End PBXProject section */

/* Begin PBXResourcesBuildPhase section */
		421DA1ED27A22FFF0073A877 /* Resources */ = {
			isa = PBXResourcesBuildPhase;
			buildActionMask = 2147483647;
			files = (
				421DA1FA27A230000073A877 /* Preview Assets.xcassets in Resources */,
				421DA1F727A230000073A877 /* Assets.xcassets in Resources */,
				42C0F58528089D8000DEF9C4 /* 3270Medium.ttf in Resources */,
			);
			runOnlyForDeploymentPostprocessing = 0;
		};
		4278D19827F585F800CFD523 /* Resources */ = {
			isa = PBXResourcesBuildPhase;
			buildActionMask = 2147483647;
			files = (
				4278D1A427F585FA00CFD523 /* Assets.xcassets in Resources */,
				42C0F58428089D0D00DEF9C4 /* 3270Medium.ttf in Resources */,
			);
			runOnlyForDeploymentPostprocessing = 0;
		};
/* End PBXResourcesBuildPhase section */

/* Begin PBXShellScriptBuildPhase section */
		0E78C64FAA3CF6BB87F46ACA /* [CP] Embed Pods Frameworks */ = {
			isa = PBXShellScriptBuildPhase;
			buildActionMask = 2147483647;
			files = (
			);
			inputFileListPaths = (
				"${PODS_ROOT}/Target Support Files/Pods-CardX/Pods-CardX-frameworks-${CONFIGURATION}-input-files.xcfilelist",
			);
			name = "[CP] Embed Pods Frameworks";
			outputFileListPaths = (
				"${PODS_ROOT}/Target Support Files/Pods-CardX/Pods-CardX-frameworks-${CONFIGURATION}-output-files.xcfilelist",
			);
			runOnlyForDeploymentPostprocessing = 0;
			shellPath = /bin/sh;
			shellScript = "\"${PODS_ROOT}/Target Support Files/Pods-CardX/Pods-CardX-frameworks.sh\"\n";
			showEnvVarsInLog = 0;
		};
		9DD219EE5833400B4E8439A7 /* [CP] Check Pods Manifest.lock */ = {
			isa = PBXShellScriptBuildPhase;
			buildActionMask = 2147483647;
			files = (
			);
			inputFileListPaths = (
			);
			inputPaths = (
				"${PODS_PODFILE_DIR_PATH}/Podfile.lock",
				"${PODS_ROOT}/Manifest.lock",
			);
			name = "[CP] Check Pods Manifest.lock";
			outputFileListPaths = (
			);
			outputPaths = (
				"$(DERIVED_FILE_DIR)/Pods-CardX-checkManifestLockResult.txt",
			);
			runOnlyForDeploymentPostprocessing = 0;
			shellPath = /bin/sh;
			shellScript = "diff \"${PODS_PODFILE_DIR_PATH}/Podfile.lock\" \"${PODS_ROOT}/Manifest.lock\" > /dev/null\nif [ $? != 0 ] ; then\n    # print error to STDERR\n    echo \"error: The sandbox is not in sync with the Podfile.lock. Run 'pod install' or update your CocoaPods installation.\" >&2\n    exit 1\nfi\n# This output is used by Xcode 'outputs' to avoid re-running this script phase.\necho \"SUCCESS\" > \"${SCRIPT_OUTPUT_FILE_0}\"\n";
			showEnvVarsInLog = 0;
		};
		AA6BC99E086F0DA04089F839 /* [CP] Check Pods Manifest.lock */ = {
			isa = PBXShellScriptBuildPhase;
			buildActionMask = 2147483647;
			files = (
			);
			inputFileListPaths = (
			);
			inputPaths = (
				"${PODS_PODFILE_DIR_PATH}/Podfile.lock",
				"${PODS_ROOT}/Manifest.lock",
			);
			name = "[CP] Check Pods Manifest.lock";
			outputFileListPaths = (
			);
			outputPaths = (
				"$(DERIVED_FILE_DIR)/Pods-CardXWidgetsExtension-checkManifestLockResult.txt",
			);
			runOnlyForDeploymentPostprocessing = 0;
			shellPath = /bin/sh;
			shellScript = "diff \"${PODS_PODFILE_DIR_PATH}/Podfile.lock\" \"${PODS_ROOT}/Manifest.lock\" > /dev/null\nif [ $? != 0 ] ; then\n    # print error to STDERR\n    echo \"error: The sandbox is not in sync with the Podfile.lock. Run 'pod install' or update your CocoaPods installation.\" >&2\n    exit 1\nfi\n# This output is used by Xcode 'outputs' to avoid re-running this script phase.\necho \"SUCCESS\" > \"${SCRIPT_OUTPUT_FILE_0}\"\n";
			showEnvVarsInLog = 0;
		};
/* End PBXShellScriptBuildPhase section */

/* Begin PBXSourcesBuildPhase section */
		421DA1EB27A22FFF0073A877 /* Sources */ = {
			isa = PBXSourcesBuildPhase;
			buildActionMask = 2147483647;
			files = (
				428156F6280BD92500DABD1C /* WebView.swift in Sources */,
				4265691E2819BE320058926B /* TodayInHistoryJsonModel.swift in Sources */,
				421E347A2819DE86007C3D88 /* GrowingButton.swift in Sources */,
				428156F0280BCBD800DABD1C /* HomeView.swift in Sources */,
				426569112818EA0A0058926B /* MovieJsonModel.swift in Sources */,
				42A3119727ACADB900DA096A /* CountDownCard.swift in Sources */,
				42485EF8280C85D9006E90A1 /* BlurView.swift in Sources */,
				4231A1A5280D065E00D3276F /* ViewExtension.swift in Sources */,
				426569262819C4DB0058926B /* RandomQuoteJsonModel.swift in Sources */,
				428156F4280BCC2900DABD1C /* AboutView.swift in Sources */,
				4265690C2818CECB0058926B /* MovieDetailView.swift in Sources */,
				426569172818EBA10058926B /* StringExtension.swift in Sources */,
				42485EFA280C86F5006E90A1 /* HomePageSupportedWidgetsModel.swift in Sources */,
				428156F2280BCC0C00DABD1C /* UsageView.swift in Sources */,
				4231A1A7280D091300D3276F /* WidgetDetailView.swift in Sources */,
				421DA1F527A22FFF0073A877 /* ContentView.swift in Sources */,
				4265692C2819C63D0058926B /* RandomQuoteDetailView.swift in Sources */,
				426569062818CD710058926B /* RootView.swift in Sources */,
				421E34782819D5DC007C3D88 /* TabController.swift in Sources */,
				4231A1A2280CF76F00D3276F /* DraggableCardView.swift in Sources */,
				4265692A2819C5060058926B /* ContentModel.swift in Sources */,
				42A3119927ACAE2200DA096A /* CountDownTexts.swift in Sources */,
				42A3119027AC9F1900DA096A /* BriefTextControl.swift in Sources */,
				426569132818EA570058926B /* ImageExtension.swift in Sources */,
				42C0F5932808BD0000DEF9C4 /* MultiProgressBar.swift in Sources */,
				426569212819C2160058926B /* UselessFactsDetailView.swift in Sources */,
				4278D1A727F585FA00CFD523 /* CardXWidgets.intentdefinition in Sources */,
				426569232819C2E90058926B /* UselessFactsJsonModel.swift in Sources */,
				421DA1F327A22FFF0073A877 /* CardXApp.swift in Sources */,
				42A3119227ACA03B00DA096A /* CountDownText.swift in Sources */,
				42C0F5592807C20100DEF9C4 /* ColorExtension.swift in Sources */,
				4265690F2818E9700058926B /* BindingExtension.swift in Sources */,
				426569292819C5060058926B /* CopyRightModel.swift in Sources */,
				426569092818CD980058926B /* ViewType.swift in Sources */,
				428156F9280BEE8B00DABD1C /* HomePageCardModel.swift in Sources */,
				4265691C2819BBA00058926B /* TodayInHistoryDetailView.swift in Sources */,
				426569282819C5060058926B /* RandomQuoteModel.swift in Sources */,
				4231A1A0280CEA1700D3276F /* StartupView.swift in Sources */,
				EC4ED35427A8A55B00E32232 /* TimeCard.swift in Sources */,
			);
			runOnlyForDeploymentPostprocessing = 0;
		};
		4278D19627F585F800CFD523 /* Sources */ = {
			isa = PBXSourcesBuildPhase;
			buildActionMask = 2147483647;
			files = (
				42DE990C2807A1DC007F4DC7 /* MovieDataModel.swift in Sources */,
				42DE98E928078938007F4DC7 /* SunnyShape.swift in Sources */,
				42DE99182807B969007F4DC7 /* UselessFactsTimelineProvider.swift in Sources */,
				42C0F56B2807D64200DEF9C4 /* TodayInHistoryTimelineProvider.swift in Sources */,
				4278D1A127F585F800CFD523 /* CardXWidgets.swift in Sources */,
				42429AED27F618E600E8C21D /* RandomQuoteTimelineProvider.swift in Sources */,
				42DE99122807B856007F4DC7 /* UselessFactsModel.swift in Sources */,
				42C0F5632807D5C100DEF9C4 /* HistoryDataModel.swift in Sources */,
				42429AE327F6180200E8C21D /* RandomQuoteModel.swift in Sources */,
				4278D1B327F586EF00CFD523 /* BriefTextControl.swift in Sources */,
				42DE98F328078946007F4DC7 /* CloudModel.swift in Sources */,
				42DE99142807B94B007F4DC7 /* UselessFactsWidget.swift in Sources */,
				427CAE232813B8A9008278F2 /* RandomAnimalPhotoWidget.swift in Sources */,
				42DE990E2807A26C007F4DC7 /* MovieModel.swift in Sources */,
				42C0F581280893C500DEF9C4 /* TrackModel.swift in Sources */,
				42DE98ED2807893E007F4DC7 /* WeatherTypes.swift in Sources */,
				42429AE527F6180200E8C21D /* CopyRightModel.swift in Sources */,
				427CAE252813BA98008278F2 /* RandomAnimalModel.swift in Sources */,
				42DE98F128078946007F4DC7 /* SysModel.swift in Sources */,
				42DE990628079E7F007F4DC7 /* MovieRecommendTimelineProvider.swift in Sources */,
				4278D1B727F612A600CFD523 /* RandomWordEntry.swift in Sources */,
				42DE98F928078AC1007F4DC7 /* WeatherTimelineProvider.swift in Sources */,
				42429AEE27F618E900E8C21D /* RandomQuoteWidget.swift in Sources */,
				42DE98F028078946007F4DC7 /* CoordinateModel.swift in Sources */,
				42C0F58828089E9000DEF9C4 /* RandomPhotoEntry.swift in Sources */,
				4265691F2819BE320058926B /* TodayInHistoryJsonModel.swift in Sources */,
				42C0F5912808A18500DEF9C4 /* ExifModel.swift in Sources */,
				42C0F55A2807C22800DEF9C4 /* ColorExtension.swift in Sources */,
				42DE990928079E96007F4DC7 /* MovieRecommendEntry.swift in Sources */,
				42C0F5652807D5C600DEF9C4 /* LinkModel.swift in Sources */,
				4278D1B027F586D800CFD523 /* RandomWordModel.swift in Sources */,
				42C0F572280884D800DEF9C4 /* RandomMusicTimelineProvider.swift in Sources */,
				42DE98FD28078D42007F4DC7 /* WidgetLocationManager.swift in Sources */,
				42C0F56E280884B800DEF9C4 /* RandomMusicWidget.swift in Sources */,
				42DE99162807B95B007F4DC7 /* UselessFactsEntry.swift in Sources */,
				42DE98FE28078E7E007F4DC7 /* WeatherHelper.swift in Sources */,
				42429AEC27F618E200E8C21D /* RandomQuoteEntry.swift in Sources */,
				4278D1B927F6130D00CFD523 /* RandomWordTimelineProvider.swift in Sources */,
				426569182818EBA10058926B /* StringExtension.swift in Sources */,
				42DE990728079E81007F4DC7 /* MovieRecommendWidget.swift in Sources */,
				42DE98EE28078946007F4DC7 /* WeatherModel.swift in Sources */,
				42C0F5672807D61700DEF9C4 /* TodayInHistoryWidget.swift in Sources */,
				4278D1A627F585FA00CFD523 /* CardXWidgets.intentdefinition in Sources */,
				426569272819C4DB0058926B /* RandomQuoteJsonModel.swift in Sources */,
				42C0F5692807D63100DEF9C4 /* TodayInHistoryEntry.swift in Sources */,
				42DE98EA28078938007F4DC7 /* CloudyShape.swift in Sources */,
				42C0F570280884C400DEF9C4 /* RandomMusicEntry.swift in Sources */,
				42C0F58F2808A10600DEF9C4 /* RandomPhotoModel.swift in Sources */,
				42DE98FF28079170007F4DC7 /* RandomHelper.swift in Sources */,
				42C0F5642807D5C400DEF9C4 /* TodayInHistoryModel.swift in Sources */,
				42DE98EF28078946007F4DC7 /* MainModel.swift in Sources */,
				42DE98EB28078938007F4DC7 /* RainyShape.swift in Sources */,
				42C0F58C28089EAF00DEF9C4 /* RandomPhotoWidget.swift in Sources */,
				427CAE1C2813B3BA008278F2 /* ViewExtension.swift in Sources */,
				42DE98F228078946007F4DC7 /* WindModel.swift in Sources */,
				426569142818EA590058926B /* ImageExtension.swift in Sources */,
				42C0F58A28089EA300DEF9C4 /* RandomPhotoTimelineProvider.swift in Sources */,
				42DE98F728078A92007F4DC7 /* WeatherWidget.swift in Sources */,
				4278D1B527F5870A00CFD523 /* RandomWordWidget.swift in Sources */,
				42C0F57B28088ABC00DEF9C4 /* RandomMusicModel.swift in Sources */,
				427CAE212813B89D008278F2 /* RandomAnimalPhotoTimelineProvider.swift in Sources */,
				426569152818EA9E0058926B /* MovieJsonModel.swift in Sources */,
				427CAE1F2813B891008278F2 /* RandomAnimalPhotoEntry.swift in Sources */,
				42429AE427F6180200E8C21D /* ContentModel.swift in Sources */,
				42C0F5A12808CDFA00DEF9C4 /* MultiProgressBar.swift in Sources */,
				42DE98F428078946007F4DC7 /* WeatherResponseModel.swift in Sources */,
				426569242819C2E90058926B /* UselessFactsJsonModel.swift in Sources */,
				42DE98FB28078AF2007F4DC7 /* WeatherEntry.swift in Sources */,
			);
			runOnlyForDeploymentPostprocessing = 0;
		};
/* End PBXSourcesBuildPhase section */

/* Begin PBXTargetDependency section */
		4278D1A927F585FA00CFD523 /* PBXTargetDependency */ = {
			isa = PBXTargetDependency;
			target = 4278D19927F585F800CFD523 /* CardXWidgetsExtension */;
			targetProxy = 4278D1A827F585FA00CFD523 /* PBXContainerItemProxy */;
		};
/* End PBXTargetDependency section */

/* Begin XCBuildConfiguration section */
		421DA21127A230000073A877 /* Debug */ = {
			isa = XCBuildConfiguration;
			buildSettings = {
				ALWAYS_SEARCH_USER_PATHS = NO;
				CLANG_ANALYZER_NONNULL = YES;
				CLANG_ANALYZER_NUMBER_OBJECT_CONVERSION = YES_AGGRESSIVE;
				CLANG_CXX_LANGUAGE_STANDARD = "gnu++17";
				CLANG_CXX_LIBRARY = "libc++";
				CLANG_ENABLE_MODULES = YES;
				CLANG_ENABLE_OBJC_ARC = YES;
				CLANG_ENABLE_OBJC_WEAK = YES;
				CLANG_WARN_BLOCK_CAPTURE_AUTORELEASING = YES;
				CLANG_WARN_BOOL_CONVERSION = YES;
				CLANG_WARN_COMMA = YES;
				CLANG_WARN_CONSTANT_CONVERSION = YES;
				CLANG_WARN_DEPRECATED_OBJC_IMPLEMENTATIONS = YES;
				CLANG_WARN_DIRECT_OBJC_ISA_USAGE = YES_ERROR;
				CLANG_WARN_DOCUMENTATION_COMMENTS = YES;
				CLANG_WARN_EMPTY_BODY = YES;
				CLANG_WARN_ENUM_CONVERSION = YES;
				CLANG_WARN_INFINITE_RECURSION = YES;
				CLANG_WARN_INT_CONVERSION = YES;
				CLANG_WARN_NON_LITERAL_NULL_CONVERSION = YES;
				CLANG_WARN_OBJC_IMPLICIT_RETAIN_SELF = YES;
				CLANG_WARN_OBJC_LITERAL_CONVERSION = YES;
				CLANG_WARN_OBJC_ROOT_CLASS = YES_ERROR;
				CLANG_WARN_QUOTED_INCLUDE_IN_FRAMEWORK_HEADER = YES;
				CLANG_WARN_RANGE_LOOP_ANALYSIS = YES;
				CLANG_WARN_STRICT_PROTOTYPES = YES;
				CLANG_WARN_SUSPICIOUS_MOVE = YES;
				CLANG_WARN_UNGUARDED_AVAILABILITY = YES_AGGRESSIVE;
				CLANG_WARN_UNREACHABLE_CODE = YES;
				CLANG_WARN__DUPLICATE_METHOD_MATCH = YES;
				COPY_PHASE_STRIP = NO;
				DEBUG_INFORMATION_FORMAT = dwarf;
				ENABLE_STRICT_OBJC_MSGSEND = YES;
				ENABLE_TESTABILITY = YES;
				GCC_C_LANGUAGE_STANDARD = gnu11;
				GCC_DYNAMIC_NO_PIC = NO;
				GCC_NO_COMMON_BLOCKS = YES;
				GCC_OPTIMIZATION_LEVEL = 0;
				GCC_PREPROCESSOR_DEFINITIONS = (
					"DEBUG=1",
					"$(inherited)",
				);
				GCC_WARN_64_TO_32_BIT_CONVERSION = YES;
				GCC_WARN_ABOUT_RETURN_TYPE = YES_ERROR;
				GCC_WARN_UNDECLARED_SELECTOR = YES;
				GCC_WARN_UNINITIALIZED_AUTOS = YES_AGGRESSIVE;
				GCC_WARN_UNUSED_FUNCTION = YES;
				GCC_WARN_UNUSED_VARIABLE = YES;
				IPHONEOS_DEPLOYMENT_TARGET = 15.2;
				MTL_ENABLE_DEBUG_INFO = INCLUDE_SOURCE;
				MTL_FAST_MATH = YES;
				ONLY_ACTIVE_ARCH = YES;
				SDKROOT = iphoneos;
				SWIFT_ACTIVE_COMPILATION_CONDITIONS = DEBUG;
				SWIFT_OPTIMIZATION_LEVEL = "-Onone";
			};
			name = Debug;
		};
		421DA21227A230000073A877 /* Release */ = {
			isa = XCBuildConfiguration;
			buildSettings = {
				ALWAYS_SEARCH_USER_PATHS = NO;
				CLANG_ANALYZER_NONNULL = YES;
				CLANG_ANALYZER_NUMBER_OBJECT_CONVERSION = YES_AGGRESSIVE;
				CLANG_CXX_LANGUAGE_STANDARD = "gnu++17";
				CLANG_CXX_LIBRARY = "libc++";
				CLANG_ENABLE_MODULES = YES;
				CLANG_ENABLE_OBJC_ARC = YES;
				CLANG_ENABLE_OBJC_WEAK = YES;
				CLANG_WARN_BLOCK_CAPTURE_AUTORELEASING = YES;
				CLANG_WARN_BOOL_CONVERSION = YES;
				CLANG_WARN_COMMA = YES;
				CLANG_WARN_CONSTANT_CONVERSION = YES;
				CLANG_WARN_DEPRECATED_OBJC_IMPLEMENTATIONS = YES;
				CLANG_WARN_DIRECT_OBJC_ISA_USAGE = YES_ERROR;
				CLANG_WARN_DOCUMENTATION_COMMENTS = YES;
				CLANG_WARN_EMPTY_BODY = YES;
				CLANG_WARN_ENUM_CONVERSION = YES;
				CLANG_WARN_INFINITE_RECURSION = YES;
				CLANG_WARN_INT_CONVERSION = YES;
				CLANG_WARN_NON_LITERAL_NULL_CONVERSION = YES;
				CLANG_WARN_OBJC_IMPLICIT_RETAIN_SELF = YES;
				CLANG_WARN_OBJC_LITERAL_CONVERSION = YES;
				CLANG_WARN_OBJC_ROOT_CLASS = YES_ERROR;
				CLANG_WARN_QUOTED_INCLUDE_IN_FRAMEWORK_HEADER = YES;
				CLANG_WARN_RANGE_LOOP_ANALYSIS = YES;
				CLANG_WARN_STRICT_PROTOTYPES = YES;
				CLANG_WARN_SUSPICIOUS_MOVE = YES;
				CLANG_WARN_UNGUARDED_AVAILABILITY = YES_AGGRESSIVE;
				CLANG_WARN_UNREACHABLE_CODE = YES;
				CLANG_WARN__DUPLICATE_METHOD_MATCH = YES;
				COPY_PHASE_STRIP = NO;
				DEBUG_INFORMATION_FORMAT = "dwarf-with-dsym";
				ENABLE_NS_ASSERTIONS = NO;
				ENABLE_STRICT_OBJC_MSGSEND = YES;
				GCC_C_LANGUAGE_STANDARD = gnu11;
				GCC_NO_COMMON_BLOCKS = YES;
				GCC_WARN_64_TO_32_BIT_CONVERSION = YES;
				GCC_WARN_ABOUT_RETURN_TYPE = YES_ERROR;
				GCC_WARN_UNDECLARED_SELECTOR = YES;
				GCC_WARN_UNINITIALIZED_AUTOS = YES_AGGRESSIVE;
				GCC_WARN_UNUSED_FUNCTION = YES;
				GCC_WARN_UNUSED_VARIABLE = YES;
				IPHONEOS_DEPLOYMENT_TARGET = 15.2;
				MTL_ENABLE_DEBUG_INFO = NO;
				MTL_FAST_MATH = YES;
				SDKROOT = iphoneos;
				SWIFT_COMPILATION_MODE = wholemodule;
				SWIFT_OPTIMIZATION_LEVEL = "-O";
				VALIDATE_PRODUCT = YES;
			};
			name = Release;
		};
		421DA21427A230000073A877 /* Debug */ = {
			isa = XCBuildConfiguration;
			baseConfigurationReference = 4C72F282627C7898B2985075 /* Pods-CardX.debug.xcconfig */;
			buildSettings = {
				ALWAYS_EMBED_SWIFT_STANDARD_LIBRARIES = "$(inherited)";
				ASSETCATALOG_COMPILER_APPICON_NAME = AppIcon;
				ASSETCATALOG_COMPILER_GLOBAL_ACCENT_COLOR_NAME = AccentColor;
				CODE_SIGN_ENTITLEMENTS = CardX/CardX.entitlements;
				CODE_SIGN_STYLE = Automatic;
				CURRENT_PROJECT_VERSION = 1;
				DEVELOPMENT_ASSET_PATHS = "\"CardX/Preview Content\"";
				DEVELOPMENT_TEAM = T4NCSDNZKJ;
				ENABLE_PREVIEWS = YES;
				GENERATE_INFOPLIST_FILE = YES;
				INFOPLIST_FILE = CardX/Info.plist;
				INFOPLIST_KEY_NSLocationUsageDescription = "Use location service to acquire locale weather info in widgets";
				INFOPLIST_KEY_NSLocationWhenInUseUsageDescription = "Use location service to acquire locale weather info in widgets";
				INFOPLIST_KEY_UIApplicationSceneManifest_Generation = YES;
				INFOPLIST_KEY_UIApplicationSupportsIndirectInputEvents = YES;
				INFOPLIST_KEY_UILaunchStoryboardName = "Launch Screen";
				INFOPLIST_KEY_UISupportedInterfaceOrientations_iPad = "UIInterfaceOrientationPortrait UIInterfaceOrientationPortraitUpsideDown UIInterfaceOrientationLandscapeLeft UIInterfaceOrientationLandscapeRight";
				INFOPLIST_KEY_UISupportedInterfaceOrientations_iPhone = "UIInterfaceOrientationPortrait UIInterfaceOrientationLandscapeLeft UIInterfaceOrientationLandscapeRight";
				LD_RUNPATH_SEARCH_PATHS = (
					"$(inherited)",
					"@executable_path/Frameworks",
				);
				MARKETING_VERSION = 1.0.2;
				PRODUCT_BUNDLE_IDENTIFIER = com.laolarou.CardX;
				PRODUCT_NAME = "$(TARGET_NAME)";
				SWIFT_EMIT_LOC_STRINGS = YES;
				SWIFT_VERSION = 5.0;
				TARGETED_DEVICE_FAMILY = "1,2";
			};
			name = Debug;
		};
		421DA21527A230000073A877 /* Release */ = {
			isa = XCBuildConfiguration;
			baseConfigurationReference = F44970FBB2DE9F5668705927 /* Pods-CardX.release.xcconfig */;
			buildSettings = {
				ALWAYS_EMBED_SWIFT_STANDARD_LIBRARIES = "$(inherited)";
				ASSETCATALOG_COMPILER_APPICON_NAME = AppIcon;
				ASSETCATALOG_COMPILER_GLOBAL_ACCENT_COLOR_NAME = AccentColor;
				CODE_SIGN_ENTITLEMENTS = CardX/CardX.entitlements;
				CODE_SIGN_STYLE = Automatic;
				CURRENT_PROJECT_VERSION = 1;
				DEVELOPMENT_ASSET_PATHS = "\"CardX/Preview Content\"";
				DEVELOPMENT_TEAM = T4NCSDNZKJ;
				ENABLE_PREVIEWS = YES;
				GENERATE_INFOPLIST_FILE = YES;
				INFOPLIST_FILE = CardX/Info.plist;
				INFOPLIST_KEY_NSLocationUsageDescription = "Use location service to acquire locale weather info in widgets";
				INFOPLIST_KEY_NSLocationWhenInUseUsageDescription = "Use location service to acquire locale weather info in widgets";
				INFOPLIST_KEY_UIApplicationSceneManifest_Generation = YES;
				INFOPLIST_KEY_UIApplicationSupportsIndirectInputEvents = YES;
				INFOPLIST_KEY_UILaunchStoryboardName = "Launch Screen";
				INFOPLIST_KEY_UISupportedInterfaceOrientations_iPad = "UIInterfaceOrientationPortrait UIInterfaceOrientationPortraitUpsideDown UIInterfaceOrientationLandscapeLeft UIInterfaceOrientationLandscapeRight";
				INFOPLIST_KEY_UISupportedInterfaceOrientations_iPhone = "UIInterfaceOrientationPortrait UIInterfaceOrientationLandscapeLeft UIInterfaceOrientationLandscapeRight";
				LD_RUNPATH_SEARCH_PATHS = (
					"$(inherited)",
					"@executable_path/Frameworks",
				);
				MARKETING_VERSION = 1.0.2;
				PRODUCT_BUNDLE_IDENTIFIER = com.laolarou.CardX;
				PRODUCT_NAME = "$(TARGET_NAME)";
				SWIFT_EMIT_LOC_STRINGS = YES;
				SWIFT_VERSION = 5.0;
				TARGETED_DEVICE_FAMILY = "1,2";
			};
			name = Release;
		};
		4278D1AC27F585FA00CFD523 /* Debug */ = {
			isa = XCBuildConfiguration;
			baseConfigurationReference = 30715B27A4627460BE8440F7 /* Pods-CardXWidgetsExtension.debug.xcconfig */;
			buildSettings = {
				ASSETCATALOG_COMPILER_GLOBAL_ACCENT_COLOR_NAME = AccentColor;
				ASSETCATALOG_COMPILER_WIDGET_BACKGROUND_COLOR_NAME = WidgetBackground;
				CODE_SIGN_STYLE = Automatic;
				CURRENT_PROJECT_VERSION = 1;
				DEVELOPMENT_TEAM = T4NCSDNZKJ;
				GENERATE_INFOPLIST_FILE = YES;
				INFOPLIST_FILE = CardXWidgets/Info.plist;
				INFOPLIST_KEY_CFBundleDisplayName = CardXWidgets;
				INFOPLIST_KEY_NSHumanReadableCopyright = "";
				INFOPLIST_KEY_NSLocationAlwaysAndWhenInUseUsageDescription = "Weather widget needs to acquire location information to display the locale weather.";
				INFOPLIST_KEY_NSLocationWhenInUseUsageDescription = "Weather widget needs to acquire location information to display the locale weather.";
				IPHONEOS_DEPLOYMENT_TARGET = 15.4;
				LD_RUNPATH_SEARCH_PATHS = (
					"$(inherited)",
					"@executable_path/Frameworks",
					"@executable_path/../../Frameworks",
				);
				MARKETING_VERSION = 1.0.2;
				PRODUCT_BUNDLE_IDENTIFIER = com.laolarou.CardX.CardXWidgets;
				PRODUCT_NAME = "$(TARGET_NAME)";
				SKIP_INSTALL = YES;
				SWIFT_EMIT_LOC_STRINGS = YES;
				SWIFT_VERSION = 5.0;
				TARGETED_DEVICE_FAMILY = "1,2";
			};
			name = Debug;
		};
		4278D1AD27F585FA00CFD523 /* Release */ = {
			isa = XCBuildConfiguration;
			baseConfigurationReference = 26FFA2CC61A22E2F2B583867 /* Pods-CardXWidgetsExtension.release.xcconfig */;
			buildSettings = {
				ASSETCATALOG_COMPILER_GLOBAL_ACCENT_COLOR_NAME = AccentColor;
				ASSETCATALOG_COMPILER_WIDGET_BACKGROUND_COLOR_NAME = WidgetBackground;
				CODE_SIGN_STYLE = Automatic;
				CURRENT_PROJECT_VERSION = 1;
				DEVELOPMENT_TEAM = T4NCSDNZKJ;
				GENERATE_INFOPLIST_FILE = YES;
				INFOPLIST_FILE = CardXWidgets/Info.plist;
				INFOPLIST_KEY_CFBundleDisplayName = CardXWidgets;
				INFOPLIST_KEY_NSHumanReadableCopyright = "";
				INFOPLIST_KEY_NSLocationAlwaysAndWhenInUseUsageDescription = "Weather widget needs to acquire location information to display the locale weather.";
				INFOPLIST_KEY_NSLocationWhenInUseUsageDescription = "Weather widget needs to acquire location information to display the locale weather.";
				IPHONEOS_DEPLOYMENT_TARGET = 15.4;
				LD_RUNPATH_SEARCH_PATHS = (
					"$(inherited)",
					"@executable_path/Frameworks",
					"@executable_path/../../Frameworks",
				);
				MARKETING_VERSION = 1.0.2;
				PRODUCT_BUNDLE_IDENTIFIER = com.laolarou.CardX.CardXWidgets;
				PRODUCT_NAME = "$(TARGET_NAME)";
				SKIP_INSTALL = YES;
				SWIFT_EMIT_LOC_STRINGS = YES;
				SWIFT_VERSION = 5.0;
				TARGETED_DEVICE_FAMILY = "1,2";
			};
			name = Release;
		};
/* End XCBuildConfiguration section */

/* Begin XCConfigurationList section */
		421DA1EA27A22FFF0073A877 /* Build configuration list for PBXProject "CardX" */ = {
			isa = XCConfigurationList;
			buildConfigurations = (
				421DA21127A230000073A877 /* Debug */,
				421DA21227A230000073A877 /* Release */,
			);
			defaultConfigurationIsVisible = 0;
			defaultConfigurationName = Release;
		};
		421DA21327A230000073A877 /* Build configuration list for PBXNativeTarget "CardX" */ = {
			isa = XCConfigurationList;
			buildConfigurations = (
				421DA21427A230000073A877 /* Debug */,
				421DA21527A230000073A877 /* Release */,
			);
			defaultConfigurationIsVisible = 0;
			defaultConfigurationName = Release;
		};
		4278D1AE27F585FA00CFD523 /* Build configuration list for PBXNativeTarget "CardXWidgetsExtension" */ = {
			isa = XCConfigurationList;
			buildConfigurations = (
				4278D1AC27F585FA00CFD523 /* Debug */,
				4278D1AD27F585FA00CFD523 /* Release */,
			);
			defaultConfigurationIsVisible = 0;
			defaultConfigurationName = Release;
		};
/* End XCConfigurationList section */

/* Begin XCRemoteSwiftPackageReference section */
		421BA58627CF004400F3C264 /* XCRemoteSwiftPackageReference "swiftui-visual-effects" */ = {
			isa = XCRemoteSwiftPackageReference;
			repositoryURL = "https://github.com/lucasbrown/swiftui-visual-effects.git";
			requirement = {
				branch = master;
				kind = branch;
			};
		};
/* End XCRemoteSwiftPackageReference section */

/* Begin XCSwiftPackageProductDependency section */
		421BA58727CF004400F3C264 /* SwiftUIVisualEffects */ = {
			isa = XCSwiftPackageProductDependency;
			package = 421BA58627CF004400F3C264 /* XCRemoteSwiftPackageReference "swiftui-visual-effects" */;
			productName = SwiftUIVisualEffects;
		};
/* End XCSwiftPackageProductDependency section */
	};
	rootObject = 421DA1E727A22FFF0073A877 /* Project object */;
}
