// !$*UTF8*$!
{
	archiveVersion = 1;
	classes = {
	};
	objectVersion = 55;
	objects = {

/* Begin PBXBuildFile section */
		36A56189C5B47474E748F0D6 /* Pods_CardX.framework in Frameworks */ = {isa = PBXBuildFile; fileRef = C3FC716AF3B40708766B8F91 /* Pods_CardX.framework */; };
		421BA58527CEFB1800F3C264 /* RandomQuoteCard.swift in Sources */ = {isa = PBXBuildFile; fileRef = 421BA58427CEFB1800F3C264 /* RandomQuoteCard.swift */; };
		421BA58827CF004400F3C264 /* SwiftUIVisualEffects in Frameworks */ = {isa = PBXBuildFile; productRef = 421BA58727CF004400F3C264 /* SwiftUIVisualEffects */; };
		421BA58B27CF037E00F3C264 /* RandomQuoteModel.swift in Sources */ = {isa = PBXBuildFile; fileRef = 421BA58A27CF037E00F3C264 /* RandomQuoteModel.swift */; };
		421BA58D27CF03D700F3C264 /* ContentModel.swift in Sources */ = {isa = PBXBuildFile; fileRef = 421BA58C27CF03D700F3C264 /* ContentModel.swift */; };
		421BA58F27CF050300F3C264 /* CopyRightModel.swift in Sources */ = {isa = PBXBuildFile; fileRef = 421BA58E27CF050300F3C264 /* CopyRightModel.swift */; };
		421BA59127CF057A00F3C264 /* RandomQuoteCardViewModel.swift in Sources */ = {isa = PBXBuildFile; fileRef = 421BA59027CF057A00F3C264 /* RandomQuoteCardViewModel.swift */; };
		421BA59327D09E9200F3C264 /* WeatherCardViewModel.swift in Sources */ = {isa = PBXBuildFile; fileRef = 421BA59227D09E9200F3C264 /* WeatherCardViewModel.swift */; };
		421BA59627D09F0500F3C264 /* MapKit.framework in Frameworks */ = {isa = PBXBuildFile; fileRef = 421BA59527D09F0500F3C264 /* MapKit.framework */; };
		421BA59927D0A16D00F3C264 /* CoordinateModel.swift in Sources */ = {isa = PBXBuildFile; fileRef = 421BA59827D0A16D00F3C264 /* CoordinateModel.swift */; };
		421BA59B27D0A1AD00F3C264 /* WeatherResponseModel.swift in Sources */ = {isa = PBXBuildFile; fileRef = 421BA59A27D0A1AD00F3C264 /* WeatherResponseModel.swift */; };
		421BA59D27D0A1E200F3C264 /* WeatherModel.swift in Sources */ = {isa = PBXBuildFile; fileRef = 421BA59C27D0A1E200F3C264 /* WeatherModel.swift */; };
		421BA59F27D0A23100F3C264 /* MainModel.swift in Sources */ = {isa = PBXBuildFile; fileRef = 421BA59E27D0A23100F3C264 /* MainModel.swift */; };
		421BA5A127D0A2A200F3C264 /* WindModel.swift in Sources */ = {isa = PBXBuildFile; fileRef = 421BA5A027D0A2A200F3C264 /* WindModel.swift */; };
		421BA5A327D0A2DF00F3C264 /* CloudModel.swift in Sources */ = {isa = PBXBuildFile; fileRef = 421BA5A227D0A2DF00F3C264 /* CloudModel.swift */; };
		421BA5A527D0A32600F3C264 /* SysModel.swift in Sources */ = {isa = PBXBuildFile; fileRef = 421BA5A427D0A32600F3C264 /* SysModel.swift */; };
		421BA5A727D0A61D00F3C264 /* WeatherHelper.swift in Sources */ = {isa = PBXBuildFile; fileRef = 421BA5A627D0A61D00F3C264 /* WeatherHelper.swift */; };
		421BA5A927D0AF3A00F3C264 /* CoreLocation.framework in Frameworks */ = {isa = PBXBuildFile; fileRef = 421BA5A827D0AF3A00F3C264 /* CoreLocation.framework */; };
		421DA1F327A22FFF0073A877 /* CardXApp.swift in Sources */ = {isa = PBXBuildFile; fileRef = 421DA1F227A22FFF0073A877 /* CardXApp.swift */; };
		421DA1F527A22FFF0073A877 /* ContentView.swift in Sources */ = {isa = PBXBuildFile; fileRef = 421DA1F427A22FFF0073A877 /* ContentView.swift */; };
		421DA1F727A230000073A877 /* Assets.xcassets in Resources */ = {isa = PBXBuildFile; fileRef = 421DA1F627A230000073A877 /* Assets.xcassets */; };
		421DA1FA27A230000073A877 /* Preview Assets.xcassets in Resources */ = {isa = PBXBuildFile; fileRef = 421DA1F927A230000073A877 /* Preview Assets.xcassets */; };
		421DA21D27A231B00073A877 /* TestCard.swift in Sources */ = {isa = PBXBuildFile; fileRef = 421DA21C27A231B00073A877 /* TestCard.swift */; };
		4228F17427A363F900C10336 /* WeatherCard.swift in Sources */ = {isa = PBXBuildFile; fileRef = 4228F17327A363F900C10336 /* WeatherCard.swift */; };
		4228F17827A3661D00C10336 /* SunnyShape.swift in Sources */ = {isa = PBXBuildFile; fileRef = 4228F17727A3661D00C10336 /* SunnyShape.swift */; };
		428C626F27BDC8EE0038D15F /* RandomWordCard.swift in Sources */ = {isa = PBXBuildFile; fileRef = 428C626E27BDC8EE0038D15F /* RandomWordCard.swift */; };
		428C627227BDCF140038D15F /* RandomWordCardViewModel.swift in Sources */ = {isa = PBXBuildFile; fileRef = 428C627127BDCF140038D15F /* RandomWordCardViewModel.swift */; };
		428C627427BDD0700038D15F /* RandomWordModel.swift in Sources */ = {isa = PBXBuildFile; fileRef = 428C627327BDD0700038D15F /* RandomWordModel.swift */; };
		429D751E27A36F5900A71D27 /* CloudyShape.swift in Sources */ = {isa = PBXBuildFile; fileRef = 429D751D27A36F5900A71D27 /* CloudyShape.swift */; };
		429D752127A3733600A71D27 /* WeatherTypes.swift in Sources */ = {isa = PBXBuildFile; fileRef = 429D752027A3733600A71D27 /* WeatherTypes.swift */; };
		429D752327A3769D00A71D27 /* RainyShape.swift in Sources */ = {isa = PBXBuildFile; fileRef = 429D752227A3769D00A71D27 /* RainyShape.swift */; };
		429D752627A376BE00A71D27 /* RandomHelper.swift in Sources */ = {isa = PBXBuildFile; fileRef = 429D752527A376BE00A71D27 /* RandomHelper.swift */; };
		42A3119027AC9F1900DA096A /* BriefTextControl.swift in Sources */ = {isa = PBXBuildFile; fileRef = 42A3118F27AC9F1900DA096A /* BriefTextControl.swift */; };
		42A3119227ACA03B00DA096A /* CountDownText.swift in Sources */ = {isa = PBXBuildFile; fileRef = 42A3119127ACA03B00DA096A /* CountDownText.swift */; };
		42A3119727ACADB900DA096A /* CountDownCard.swift in Sources */ = {isa = PBXBuildFile; fileRef = 42A3119627ACADB900DA096A /* CountDownCard.swift */; };
		42A3119927ACAE2200DA096A /* CountDownTexts.swift in Sources */ = {isa = PBXBuildFile; fileRef = 42A3119827ACAE2200DA096A /* CountDownTexts.swift */; };
		EC4ED35427A8A55B00E32232 /* TimeCard.swift in Sources */ = {isa = PBXBuildFile; fileRef = EC4ED35327A8A55B00E32232 /* TimeCard.swift */; };
/* End PBXBuildFile section */

/* Begin PBXFileReference section */
		421BA58427CEFB1800F3C264 /* RandomQuoteCard.swift */ = {isa = PBXFileReference; lastKnownFileType = sourcecode.swift; path = RandomQuoteCard.swift; sourceTree = "<group>"; };
		421BA58A27CF037E00F3C264 /* RandomQuoteModel.swift */ = {isa = PBXFileReference; lastKnownFileType = sourcecode.swift; path = RandomQuoteModel.swift; sourceTree = "<group>"; };
		421BA58C27CF03D700F3C264 /* ContentModel.swift */ = {isa = PBXFileReference; lastKnownFileType = sourcecode.swift; path = ContentModel.swift; sourceTree = "<group>"; };
		421BA58E27CF050300F3C264 /* CopyRightModel.swift */ = {isa = PBXFileReference; lastKnownFileType = sourcecode.swift; path = CopyRightModel.swift; sourceTree = "<group>"; };
		421BA59027CF057A00F3C264 /* RandomQuoteCardViewModel.swift */ = {isa = PBXFileReference; lastKnownFileType = sourcecode.swift; path = RandomQuoteCardViewModel.swift; sourceTree = "<group>"; };
		421BA59227D09E9200F3C264 /* WeatherCardViewModel.swift */ = {isa = PBXFileReference; lastKnownFileType = sourcecode.swift; path = WeatherCardViewModel.swift; sourceTree = "<group>"; };
		421BA59427D09F0500F3C264 /* Info.plist */ = {isa = PBXFileReference; lastKnownFileType = text.plist; path = Info.plist; sourceTree = "<group>"; };
		421BA59527D09F0500F3C264 /* MapKit.framework */ = {isa = PBXFileReference; lastKnownFileType = wrapper.framework; name = MapKit.framework; path = System/Library/Frameworks/MapKit.framework; sourceTree = SDKROOT; };
		421BA59827D0A16D00F3C264 /* CoordinateModel.swift */ = {isa = PBXFileReference; lastKnownFileType = sourcecode.swift; path = CoordinateModel.swift; sourceTree = "<group>"; };
		421BA59A27D0A1AD00F3C264 /* WeatherResponseModel.swift */ = {isa = PBXFileReference; lastKnownFileType = sourcecode.swift; path = WeatherResponseModel.swift; sourceTree = "<group>"; };
		421BA59C27D0A1E200F3C264 /* WeatherModel.swift */ = {isa = PBXFileReference; lastKnownFileType = sourcecode.swift; path = WeatherModel.swift; sourceTree = "<group>"; };
		421BA59E27D0A23100F3C264 /* MainModel.swift */ = {isa = PBXFileReference; lastKnownFileType = sourcecode.swift; path = MainModel.swift; sourceTree = "<group>"; };
		421BA5A027D0A2A200F3C264 /* WindModel.swift */ = {isa = PBXFileReference; lastKnownFileType = sourcecode.swift; path = WindModel.swift; sourceTree = "<group>"; };
		421BA5A227D0A2DF00F3C264 /* CloudModel.swift */ = {isa = PBXFileReference; lastKnownFileType = sourcecode.swift; path = CloudModel.swift; sourceTree = "<group>"; };
		421BA5A427D0A32600F3C264 /* SysModel.swift */ = {isa = PBXFileReference; lastKnownFileType = sourcecode.swift; path = SysModel.swift; sourceTree = "<group>"; };
		421BA5A627D0A61D00F3C264 /* WeatherHelper.swift */ = {isa = PBXFileReference; lastKnownFileType = sourcecode.swift; path = WeatherHelper.swift; sourceTree = "<group>"; };
		421BA5A827D0AF3A00F3C264 /* CoreLocation.framework */ = {isa = PBXFileReference; lastKnownFileType = wrapper.framework; name = CoreLocation.framework; path = System/Library/Frameworks/CoreLocation.framework; sourceTree = SDKROOT; };
		421DA1EF27A22FFF0073A877 /* CardX.app */ = {isa = PBXFileReference; explicitFileType = wrapper.application; includeInIndex = 0; path = CardX.app; sourceTree = BUILT_PRODUCTS_DIR; };
		421DA1F227A22FFF0073A877 /* CardXApp.swift */ = {isa = PBXFileReference; lastKnownFileType = sourcecode.swift; path = CardXApp.swift; sourceTree = "<group>"; };
		421DA1F427A22FFF0073A877 /* ContentView.swift */ = {isa = PBXFileReference; lastKnownFileType = sourcecode.swift; path = ContentView.swift; sourceTree = "<group>"; };
		421DA1F627A230000073A877 /* Assets.xcassets */ = {isa = PBXFileReference; lastKnownFileType = folder.assetcatalog; path = Assets.xcassets; sourceTree = "<group>"; };
		421DA1F927A230000073A877 /* Preview Assets.xcassets */ = {isa = PBXFileReference; lastKnownFileType = folder.assetcatalog; path = "Preview Assets.xcassets"; sourceTree = "<group>"; };
		421DA21C27A231B00073A877 /* TestCard.swift */ = {isa = PBXFileReference; lastKnownFileType = sourcecode.swift; path = TestCard.swift; sourceTree = "<group>"; tabWidth = 1; };
		4228F17327A363F900C10336 /* WeatherCard.swift */ = {isa = PBXFileReference; lastKnownFileType = sourcecode.swift; path = WeatherCard.swift; sourceTree = "<group>"; };
		4228F17727A3661D00C10336 /* SunnyShape.swift */ = {isa = PBXFileReference; lastKnownFileType = sourcecode.swift; path = SunnyShape.swift; sourceTree = "<group>"; };
		428C626E27BDC8EE0038D15F /* RandomWordCard.swift */ = {isa = PBXFileReference; lastKnownFileType = sourcecode.swift; path = RandomWordCard.swift; sourceTree = "<group>"; };
		428C627127BDCF140038D15F /* RandomWordCardViewModel.swift */ = {isa = PBXFileReference; lastKnownFileType = sourcecode.swift; path = RandomWordCardViewModel.swift; sourceTree = "<group>"; };
		428C627327BDD0700038D15F /* RandomWordModel.swift */ = {isa = PBXFileReference; lastKnownFileType = sourcecode.swift; path = RandomWordModel.swift; sourceTree = "<group>"; };
		429D751D27A36F5900A71D27 /* CloudyShape.swift */ = {isa = PBXFileReference; lastKnownFileType = sourcecode.swift; path = CloudyShape.swift; sourceTree = "<group>"; };
		429D752027A3733600A71D27 /* WeatherTypes.swift */ = {isa = PBXFileReference; lastKnownFileType = sourcecode.swift; path = WeatherTypes.swift; sourceTree = "<group>"; };
		429D752227A3769D00A71D27 /* RainyShape.swift */ = {isa = PBXFileReference; lastKnownFileType = sourcecode.swift; path = RainyShape.swift; sourceTree = "<group>"; };
		429D752527A376BE00A71D27 /* RandomHelper.swift */ = {isa = PBXFileReference; lastKnownFileType = sourcecode.swift; path = RandomHelper.swift; sourceTree = "<group>"; };
		42A3118F27AC9F1900DA096A /* BriefTextControl.swift */ = {isa = PBXFileReference; lastKnownFileType = sourcecode.swift; path = BriefTextControl.swift; sourceTree = "<group>"; };
		42A3119127ACA03B00DA096A /* CountDownText.swift */ = {isa = PBXFileReference; lastKnownFileType = sourcecode.swift; path = CountDownText.swift; sourceTree = "<group>"; };
		42A3119627ACADB900DA096A /* CountDownCard.swift */ = {isa = PBXFileReference; lastKnownFileType = sourcecode.swift; path = CountDownCard.swift; sourceTree = "<group>"; };
		42A3119827ACAE2200DA096A /* CountDownTexts.swift */ = {isa = PBXFileReference; lastKnownFileType = sourcecode.swift; path = CountDownTexts.swift; sourceTree = "<group>"; };
		4C72F282627C7898B2985075 /* Pods-CardX.debug.xcconfig */ = {isa = PBXFileReference; includeInIndex = 1; lastKnownFileType = text.xcconfig; name = "Pods-CardX.debug.xcconfig"; path = "Target Support Files/Pods-CardX/Pods-CardX.debug.xcconfig"; sourceTree = "<group>"; };
		C3FC716AF3B40708766B8F91 /* Pods_CardX.framework */ = {isa = PBXFileReference; explicitFileType = wrapper.framework; includeInIndex = 0; path = Pods_CardX.framework; sourceTree = BUILT_PRODUCTS_DIR; };
		EC4ED35327A8A55B00E32232 /* TimeCard.swift */ = {isa = PBXFileReference; lastKnownFileType = sourcecode.swift; path = TimeCard.swift; sourceTree = "<group>"; };
		F44970FBB2DE9F5668705927 /* Pods-CardX.release.xcconfig */ = {isa = PBXFileReference; includeInIndex = 1; lastKnownFileType = text.xcconfig; name = "Pods-CardX.release.xcconfig"; path = "Target Support Files/Pods-CardX/Pods-CardX.release.xcconfig"; sourceTree = "<group>"; };
/* End PBXFileReference section */

/* Begin PBXFrameworksBuildPhase section */
		421DA1EC27A22FFF0073A877 /* Frameworks */ = {
			isa = PBXFrameworksBuildPhase;
			buildActionMask = 2147483647;
			files = (
				421BA5A927D0AF3A00F3C264 /* CoreLocation.framework in Frameworks */,
				36A56189C5B47474E748F0D6 /* Pods_CardX.framework in Frameworks */,
				421BA59627D09F0500F3C264 /* MapKit.framework in Frameworks */,
				421BA58827CF004400F3C264 /* SwiftUIVisualEffects in Frameworks */,
			);
			runOnlyForDeploymentPostprocessing = 0;
		};
/* End PBXFrameworksBuildPhase section */

/* Begin PBXGroup section */
		0D94FCD519CA08B44AD07B69 /* Pods */ = {
			isa = PBXGroup;
			children = (
				4C72F282627C7898B2985075 /* Pods-CardX.debug.xcconfig */,
				F44970FBB2DE9F5668705927 /* Pods-CardX.release.xcconfig */,
			);
			path = Pods;
			sourceTree = "<group>";
		};
		421BA58927CF036800F3C264 /* RandomQuote */ = {
			isa = PBXGroup;
			children = (
				421BA58A27CF037E00F3C264 /* RandomQuoteModel.swift */,
				421BA58C27CF03D700F3C264 /* ContentModel.swift */,
				421BA58E27CF050300F3C264 /* CopyRightModel.swift */,
			);
			path = RandomQuote;
			sourceTree = "<group>";
		};
		421BA59727D0A15200F3C264 /* Weather */ = {
			isa = PBXGroup;
			children = (
				421BA59827D0A16D00F3C264 /* CoordinateModel.swift */,
				421BA59A27D0A1AD00F3C264 /* WeatherResponseModel.swift */,
				421BA59C27D0A1E200F3C264 /* WeatherModel.swift */,
				421BA59E27D0A23100F3C264 /* MainModel.swift */,
				421BA5A027D0A2A200F3C264 /* WindModel.swift */,
				421BA5A227D0A2DF00F3C264 /* CloudModel.swift */,
				421BA5A427D0A32600F3C264 /* SysModel.swift */,
			);
			path = Weather;
			sourceTree = "<group>";
		};
		421DA1E627A22FFF0073A877 = {
			isa = PBXGroup;
			children = (
				421DA1F127A22FFF0073A877 /* CardX */,
				421DA1F027A22FFF0073A877 /* Products */,
				0D94FCD519CA08B44AD07B69 /* Pods */,
				BAE316611966821190AF233C /* Frameworks */,
			);
			sourceTree = "<group>";
		};
		421DA1F027A22FFF0073A877 /* Products */ = {
			isa = PBXGroup;
			children = (
				421DA1EF27A22FFF0073A877 /* CardX.app */,
			);
			name = Products;
			sourceTree = "<group>";
		};
		421DA1F127A22FFF0073A877 /* CardX */ = {
			isa = PBXGroup;
			children = (
				421BA59427D09F0500F3C264 /* Info.plist */,
				428C627027BDCA400038D15F /* ViewModels */,
				429D752427A376B100A71D27 /* Helper */,
				429D751F27A3732700A71D27 /* Models */,
				4228F17227A363D100C10336 /* Cards */,
				421DA1F227A22FFF0073A877 /* CardXApp.swift */,
				421DA1F427A22FFF0073A877 /* ContentView.swift */,
				421DA1F627A230000073A877 /* Assets.xcassets */,
				421DA1F827A230000073A877 /* Preview Content */,
			);
			path = CardX;
			sourceTree = "<group>";
		};
		421DA1F827A230000073A877 /* Preview Content */ = {
			isa = PBXGroup;
			children = (
				421DA1F927A230000073A877 /* Preview Assets.xcassets */,
			);
			path = "Preview Content";
			sourceTree = "<group>";
		};
		4228F17227A363D100C10336 /* Cards */ = {
			isa = PBXGroup;
			children = (
				42A3119327ACA1D600DA096A /* DaysCountDown */,
				4228F17627A3660700C10336 /* Weather */,
				421DA21C27A231B00073A877 /* TestCard.swift */,
				EC4ED35327A8A55B00E32232 /* TimeCard.swift */,
				42A3119627ACADB900DA096A /* CountDownCard.swift */,
				428C626E27BDC8EE0038D15F /* RandomWordCard.swift */,
				421BA58427CEFB1800F3C264 /* RandomQuoteCard.swift */,
			);
			path = Cards;
			sourceTree = "<group>";
		};
		4228F17627A3660700C10336 /* Weather */ = {
			isa = PBXGroup;
			children = (
				429D751C27A36F3B00A71D27 /* Shape */,
				4228F17327A363F900C10336 /* WeatherCard.swift */,
				42A3118F27AC9F1900DA096A /* BriefTextControl.swift */,
			);
			path = Weather;
			sourceTree = "<group>";
		};
		428C627027BDCA400038D15F /* ViewModels */ = {
			isa = PBXGroup;
			children = (
				428C627127BDCF140038D15F /* RandomWordCardViewModel.swift */,
				421BA59027CF057A00F3C264 /* RandomQuoteCardViewModel.swift */,
				421BA59227D09E9200F3C264 /* WeatherCardViewModel.swift */,
			);
			path = ViewModels;
			sourceTree = "<group>";
		};
		429D751C27A36F3B00A71D27 /* Shape */ = {
			isa = PBXGroup;
			children = (
				4228F17727A3661D00C10336 /* SunnyShape.swift */,
				429D751D27A36F5900A71D27 /* CloudyShape.swift */,
				429D752227A3769D00A71D27 /* RainyShape.swift */,
			);
			path = Shape;
			sourceTree = "<group>";
		};
		429D751F27A3732700A71D27 /* Models */ = {
			isa = PBXGroup;
			children = (
				421BA59727D0A15200F3C264 /* Weather */,
				421BA58927CF036800F3C264 /* RandomQuote */,
				429D752027A3733600A71D27 /* WeatherTypes.swift */,
				428C627327BDD0700038D15F /* RandomWordModel.swift */,
			);
			path = Models;
			sourceTree = "<group>";
		};
		429D752427A376B100A71D27 /* Helper */ = {
			isa = PBXGroup;
			children = (
				429D752527A376BE00A71D27 /* RandomHelper.swift */,
				421BA5A627D0A61D00F3C264 /* WeatherHelper.swift */,
			);
			path = Helper;
			sourceTree = "<group>";
		};
		42A3119327ACA1D600DA096A /* DaysCountDown */ = {
			isa = PBXGroup;
			children = (
				42A3119127ACA03B00DA096A /* CountDownText.swift */,
				42A3119827ACAE2200DA096A /* CountDownTexts.swift */,
			);
			path = DaysCountDown;
			sourceTree = "<group>";
		};
		BAE316611966821190AF233C /* Frameworks */ = {
			isa = PBXGroup;
			children = (
				421BA5A827D0AF3A00F3C264 /* CoreLocation.framework */,
				421BA59527D09F0500F3C264 /* MapKit.framework */,
				C3FC716AF3B40708766B8F91 /* Pods_CardX.framework */,
			);
			name = Frameworks;
			sourceTree = "<group>";
		};
/* End PBXGroup section */

/* Begin PBXNativeTarget section */
		421DA1EE27A22FFF0073A877 /* CardX */ = {
			isa = PBXNativeTarget;
			buildConfigurationList = 421DA21327A230000073A877 /* Build configuration list for PBXNativeTarget "CardX" */;
			buildPhases = (
				9DD219EE5833400B4E8439A7 /* [CP] Check Pods Manifest.lock */,
				421DA1EB27A22FFF0073A877 /* Sources */,
				421DA1EC27A22FFF0073A877 /* Frameworks */,
				421DA1ED27A22FFF0073A877 /* Resources */,
				0E78C64FAA3CF6BB87F46ACA /* [CP] Embed Pods Frameworks */,
			);
			buildRules = (
			);
			dependencies = (
			);
			name = CardX;
			packageProductDependencies = (
				421BA58727CF004400F3C264 /* SwiftUIVisualEffects */,
			);
			productName = CardX;
			productReference = 421DA1EF27A22FFF0073A877 /* CardX.app */;
			productType = "com.apple.product-type.application";
		};
/* End PBXNativeTarget section */

/* Begin PBXProject section */
		421DA1E727A22FFF0073A877 /* Project object */ = {
			isa = PBXProject;
			attributes = {
				BuildIndependentTargetsInParallel = 1;
				LastSwiftUpdateCheck = 1320;
				LastUpgradeCheck = 1320;
				TargetAttributes = {
					421DA1EE27A22FFF0073A877 = {
						CreatedOnToolsVersion = 13.2.1;
					};
				};
			};
			buildConfigurationList = 421DA1EA27A22FFF0073A877 /* Build configuration list for PBXProject "CardX" */;
			compatibilityVersion = "Xcode 13.0";
			developmentRegion = en;
			hasScannedForEncodings = 0;
			knownRegions = (
				en,
				Base,
			);
			mainGroup = 421DA1E627A22FFF0073A877;
			packageReferences = (
				421BA58627CF004400F3C264 /* XCRemoteSwiftPackageReference "swiftui-visual-effects" */,
			);
			productRefGroup = 421DA1F027A22FFF0073A877 /* Products */;
			projectDirPath = "";
			projectRoot = "";
			targets = (
				421DA1EE27A22FFF0073A877 /* CardX */,
			);
		};
/* End PBXProject section */

/* Begin PBXResourcesBuildPhase section */
		421DA1ED27A22FFF0073A877 /* Resources */ = {
			isa = PBXResourcesBuildPhase;
			buildActionMask = 2147483647;
			files = (
				421DA1FA27A230000073A877 /* Preview Assets.xcassets in Resources */,
				421DA1F727A230000073A877 /* Assets.xcassets in Resources */,
			);
			runOnlyForDeploymentPostprocessing = 0;
		};
/* End PBXResourcesBuildPhase section */

/* Begin PBXShellScriptBuildPhase section */
		0E78C64FAA3CF6BB87F46ACA /* [CP] Embed Pods Frameworks */ = {
			isa = PBXShellScriptBuildPhase;
			buildActionMask = 2147483647;
			files = (
			);
			inputFileListPaths = (
				"${PODS_ROOT}/Target Support Files/Pods-CardX/Pods-CardX-frameworks-${CONFIGURATION}-input-files.xcfilelist",
			);
			name = "[CP] Embed Pods Frameworks";
			outputFileListPaths = (
				"${PODS_ROOT}/Target Support Files/Pods-CardX/Pods-CardX-frameworks-${CONFIGURATION}-output-files.xcfilelist",
			);
			runOnlyForDeploymentPostprocessing = 0;
			shellPath = /bin/sh;
			shellScript = "\"${PODS_ROOT}/Target Support Files/Pods-CardX/Pods-CardX-frameworks.sh\"\n";
			showEnvVarsInLog = 0;
		};
		9DD219EE5833400B4E8439A7 /* [CP] Check Pods Manifest.lock */ = {
			isa = PBXShellScriptBuildPhase;
			buildActionMask = 2147483647;
			files = (
			);
			inputFileListPaths = (
			);
			inputPaths = (
				"${PODS_PODFILE_DIR_PATH}/Podfile.lock",
				"${PODS_ROOT}/Manifest.lock",
			);
			name = "[CP] Check Pods Manifest.lock";
			outputFileListPaths = (
			);
			outputPaths = (
				"$(DERIVED_FILE_DIR)/Pods-CardX-checkManifestLockResult.txt",
			);
			runOnlyForDeploymentPostprocessing = 0;
			shellPath = /bin/sh;
			shellScript = "diff \"${PODS_PODFILE_DIR_PATH}/Podfile.lock\" \"${PODS_ROOT}/Manifest.lock\" > /dev/null\nif [ $? != 0 ] ; then\n    # print error to STDERR\n    echo \"error: The sandbox is not in sync with the Podfile.lock. Run 'pod install' or update your CocoaPods installation.\" >&2\n    exit 1\nfi\n# This output is used by Xcode 'outputs' to avoid re-running this script phase.\necho \"SUCCESS\" > \"${SCRIPT_OUTPUT_FILE_0}\"\n";
			showEnvVarsInLog = 0;
		};
/* End PBXShellScriptBuildPhase section */

/* Begin PBXSourcesBuildPhase section */
		421DA1EB27A22FFF0073A877 /* Sources */ = {
			isa = PBXSourcesBuildPhase;
			buildActionMask = 2147483647;
			files = (
				4228F17827A3661D00C10336 /* SunnyShape.swift in Sources */,
				421BA5A527D0A32600F3C264 /* SysModel.swift in Sources */,
				421DA21D27A231B00073A877 /* TestCard.swift in Sources */,
				42A3119727ACADB900DA096A /* CountDownCard.swift in Sources */,
				421DA1F527A22FFF0073A877 /* ContentView.swift in Sources */,
				42A3119927ACAE2200DA096A /* CountDownTexts.swift in Sources */,
				429D752127A3733600A71D27 /* WeatherTypes.swift in Sources */,
				429D752627A376BE00A71D27 /* RandomHelper.swift in Sources */,
				421BA5A727D0A61D00F3C264 /* WeatherHelper.swift in Sources */,
				421BA58F27CF050300F3C264 /* CopyRightModel.swift in Sources */,
				421BA59B27D0A1AD00F3C264 /* WeatherResponseModel.swift in Sources */,
				4228F17427A363F900C10336 /* WeatherCard.swift in Sources */,
				421BA59927D0A16D00F3C264 /* CoordinateModel.swift in Sources */,
				42A3119027AC9F1900DA096A /* BriefTextControl.swift in Sources */,
				421BA5A327D0A2DF00F3C264 /* CloudModel.swift in Sources */,
				421BA58527CEFB1800F3C264 /* RandomQuoteCard.swift in Sources */,
				421BA58B27CF037E00F3C264 /* RandomQuoteModel.swift in Sources */,
				421BA59327D09E9200F3C264 /* WeatherCardViewModel.swift in Sources */,
				421BA59127CF057A00F3C264 /* RandomQuoteCardViewModel.swift in Sources */,
				428C626F27BDC8EE0038D15F /* RandomWordCard.swift in Sources */,
				421DA1F327A22FFF0073A877 /* CardXApp.swift in Sources */,
				421BA59D27D0A1E200F3C264 /* WeatherModel.swift in Sources */,
				428C627227BDCF140038D15F /* RandomWordCardViewModel.swift in Sources */,
				428C627427BDD0700038D15F /* RandomWordModel.swift in Sources */,
				421BA5A127D0A2A200F3C264 /* WindModel.swift in Sources */,
				42A3119227ACA03B00DA096A /* CountDownText.swift in Sources */,
				429D751E27A36F5900A71D27 /* CloudyShape.swift in Sources */,
				421BA59F27D0A23100F3C264 /* MainModel.swift in Sources */,
				421BA58D27CF03D700F3C264 /* ContentModel.swift in Sources */,
				EC4ED35427A8A55B00E32232 /* TimeCard.swift in Sources */,
				429D752327A3769D00A71D27 /* RainyShape.swift in Sources */,
			);
			runOnlyForDeploymentPostprocessing = 0;
		};
/* End PBXSourcesBuildPhase section */

/* Begin XCBuildConfiguration section */
		421DA21127A230000073A877 /* Debug */ = {
			isa = XCBuildConfiguration;
			buildSettings = {
				ALWAYS_SEARCH_USER_PATHS = NO;
				CLANG_ANALYZER_NONNULL = YES;
				CLANG_ANALYZER_NUMBER_OBJECT_CONVERSION = YES_AGGRESSIVE;
				CLANG_CXX_LANGUAGE_STANDARD = "gnu++17";
				CLANG_CXX_LIBRARY = "libc++";
				CLANG_ENABLE_MODULES = YES;
				CLANG_ENABLE_OBJC_ARC = YES;
				CLANG_ENABLE_OBJC_WEAK = YES;
				CLANG_WARN_BLOCK_CAPTURE_AUTORELEASING = YES;
				CLANG_WARN_BOOL_CONVERSION = YES;
				CLANG_WARN_COMMA = YES;
				CLANG_WARN_CONSTANT_CONVERSION = YES;
				CLANG_WARN_DEPRECATED_OBJC_IMPLEMENTATIONS = YES;
				CLANG_WARN_DIRECT_OBJC_ISA_USAGE = YES_ERROR;
				CLANG_WARN_DOCUMENTATION_COMMENTS = YES;
				CLANG_WARN_EMPTY_BODY = YES;
				CLANG_WARN_ENUM_CONVERSION = YES;
				CLANG_WARN_INFINITE_RECURSION = YES;
				CLANG_WARN_INT_CONVERSION = YES;
				CLANG_WARN_NON_LITERAL_NULL_CONVERSION = YES;
				CLANG_WARN_OBJC_IMPLICIT_RETAIN_SELF = YES;
				CLANG_WARN_OBJC_LITERAL_CONVERSION = YES;
				CLANG_WARN_OBJC_ROOT_CLASS = YES_ERROR;
				CLANG_WARN_QUOTED_INCLUDE_IN_FRAMEWORK_HEADER = YES;
				CLANG_WARN_RANGE_LOOP_ANALYSIS = YES;
				CLANG_WARN_STRICT_PROTOTYPES = YES;
				CLANG_WARN_SUSPICIOUS_MOVE = YES;
				CLANG_WARN_UNGUARDED_AVAILABILITY = YES_AGGRESSIVE;
				CLANG_WARN_UNREACHABLE_CODE = YES;
				CLANG_WARN__DUPLICATE_METHOD_MATCH = YES;
				COPY_PHASE_STRIP = NO;
				DEBUG_INFORMATION_FORMAT = dwarf;
				ENABLE_STRICT_OBJC_MSGSEND = YES;
				ENABLE_TESTABILITY = YES;
				GCC_C_LANGUAGE_STANDARD = gnu11;
				GCC_DYNAMIC_NO_PIC = NO;
				GCC_NO_COMMON_BLOCKS = YES;
				GCC_OPTIMIZATION_LEVEL = 0;
				GCC_PREPROCESSOR_DEFINITIONS = (
					"DEBUG=1",
					"$(inherited)",
				);
				GCC_WARN_64_TO_32_BIT_CONVERSION = YES;
				GCC_WARN_ABOUT_RETURN_TYPE = YES_ERROR;
				GCC_WARN_UNDECLARED_SELECTOR = YES;
				GCC_WARN_UNINITIALIZED_AUTOS = YES_AGGRESSIVE;
				GCC_WARN_UNUSED_FUNCTION = YES;
				GCC_WARN_UNUSED_VARIABLE = YES;
				IPHONEOS_DEPLOYMENT_TARGET = 15.2;
				MTL_ENABLE_DEBUG_INFO = INCLUDE_SOURCE;
				MTL_FAST_MATH = YES;
				ONLY_ACTIVE_ARCH = YES;
				SDKROOT = iphoneos;
				SWIFT_ACTIVE_COMPILATION_CONDITIONS = DEBUG;
				SWIFT_OPTIMIZATION_LEVEL = "-Onone";
			};
			name = Debug;
		};
		421DA21227A230000073A877 /* Release */ = {
			isa = XCBuildConfiguration;
			buildSettings = {
				ALWAYS_SEARCH_USER_PATHS = NO;
				CLANG_ANALYZER_NONNULL = YES;
				CLANG_ANALYZER_NUMBER_OBJECT_CONVERSION = YES_AGGRESSIVE;
				CLANG_CXX_LANGUAGE_STANDARD = "gnu++17";
				CLANG_CXX_LIBRARY = "libc++";
				CLANG_ENABLE_MODULES = YES;
				CLANG_ENABLE_OBJC_ARC = YES;
				CLANG_ENABLE_OBJC_WEAK = YES;
				CLANG_WARN_BLOCK_CAPTURE_AUTORELEASING = YES;
				CLANG_WARN_BOOL_CONVERSION = YES;
				CLANG_WARN_COMMA = YES;
				CLANG_WARN_CONSTANT_CONVERSION = YES;
				CLANG_WARN_DEPRECATED_OBJC_IMPLEMENTATIONS = YES;
				CLANG_WARN_DIRECT_OBJC_ISA_USAGE = YES_ERROR;
				CLANG_WARN_DOCUMENTATION_COMMENTS = YES;
				CLANG_WARN_EMPTY_BODY = YES;
				CLANG_WARN_ENUM_CONVERSION = YES;
				CLANG_WARN_INFINITE_RECURSION = YES;
				CLANG_WARN_INT_CONVERSION = YES;
				CLANG_WARN_NON_LITERAL_NULL_CONVERSION = YES;
				CLANG_WARN_OBJC_IMPLICIT_RETAIN_SELF = YES;
				CLANG_WARN_OBJC_LITERAL_CONVERSION = YES;
				CLANG_WARN_OBJC_ROOT_CLASS = YES_ERROR;
				CLANG_WARN_QUOTED_INCLUDE_IN_FRAMEWORK_HEADER = YES;
				CLANG_WARN_RANGE_LOOP_ANALYSIS = YES;
				CLANG_WARN_STRICT_PROTOTYPES = YES;
				CLANG_WARN_SUSPICIOUS_MOVE = YES;
				CLANG_WARN_UNGUARDED_AVAILABILITY = YES_AGGRESSIVE;
				CLANG_WARN_UNREACHABLE_CODE = YES;
				CLANG_WARN__DUPLICATE_METHOD_MATCH = YES;
				COPY_PHASE_STRIP = NO;
				DEBUG_INFORMATION_FORMAT = "dwarf-with-dsym";
				ENABLE_NS_ASSERTIONS = NO;
				ENABLE_STRICT_OBJC_MSGSEND = YES;
				GCC_C_LANGUAGE_STANDARD = gnu11;
				GCC_NO_COMMON_BLOCKS = YES;
				GCC_WARN_64_TO_32_BIT_CONVERSION = YES;
				GCC_WARN_ABOUT_RETURN_TYPE = YES_ERROR;
				GCC_WARN_UNDECLARED_SELECTOR = YES;
				GCC_WARN_UNINITIALIZED_AUTOS = YES_AGGRESSIVE;
				GCC_WARN_UNUSED_FUNCTION = YES;
				GCC_WARN_UNUSED_VARIABLE = YES;
				IPHONEOS_DEPLOYMENT_TARGET = 15.2;
				MTL_ENABLE_DEBUG_INFO = NO;
				MTL_FAST_MATH = YES;
				SDKROOT = iphoneos;
				SWIFT_COMPILATION_MODE = wholemodule;
				SWIFT_OPTIMIZATION_LEVEL = "-O";
				VALIDATE_PRODUCT = YES;
			};
			name = Release;
		};
		421DA21427A230000073A877 /* Debug */ = {
			isa = XCBuildConfiguration;
			baseConfigurationReference = 4C72F282627C7898B2985075 /* Pods-CardX.debug.xcconfig */;
			buildSettings = {
				ASSETCATALOG_COMPILER_APPICON_NAME = AppIcon;
				ASSETCATALOG_COMPILER_GLOBAL_ACCENT_COLOR_NAME = AccentColor;
				CODE_SIGN_STYLE = Automatic;
				CURRENT_PROJECT_VERSION = 1;
				DEVELOPMENT_ASSET_PATHS = "\"CardX/Preview Content\"";
				DEVELOPMENT_TEAM = X4QCHY7VK3;
				ENABLE_PREVIEWS = YES;
				GENERATE_INFOPLIST_FILE = YES;
				INFOPLIST_FILE = CardX/Info.plist;
				INFOPLIST_KEY_NSLocationAlwaysUsageDescription = "Allow access to location to get weather data.";
				INFOPLIST_KEY_NSLocationWhenInUseUsageDescription = "Allow access to location to get weather data.";
				INFOPLIST_KEY_UIApplicationSceneManifest_Generation = YES;
				INFOPLIST_KEY_UIApplicationSupportsIndirectInputEvents = YES;
				INFOPLIST_KEY_UILaunchScreen_Generation = YES;
				INFOPLIST_KEY_UISupportedInterfaceOrientations_iPad = "UIInterfaceOrientationPortrait UIInterfaceOrientationPortraitUpsideDown UIInterfaceOrientationLandscapeLeft UIInterfaceOrientationLandscapeRight";
				INFOPLIST_KEY_UISupportedInterfaceOrientations_iPhone = "UIInterfaceOrientationPortrait UIInterfaceOrientationLandscapeLeft UIInterfaceOrientationLandscapeRight";
				LD_RUNPATH_SEARCH_PATHS = (
					"$(inherited)",
					"@executable_path/Frameworks",
				);
				MARKETING_VERSION = 1.0;
				PRODUCT_BUNDLE_IDENTIFIER = com.CardX.CardX;
				PRODUCT_NAME = "$(TARGET_NAME)";
				SWIFT_EMIT_LOC_STRINGS = YES;
				SWIFT_VERSION = 5.0;
				TARGETED_DEVICE_FAMILY = "1,2";
			};
			name = Debug;
		};
		421DA21527A230000073A877 /* Release */ = {
			isa = XCBuildConfiguration;
			baseConfigurationReference = F44970FBB2DE9F5668705927 /* Pods-CardX.release.xcconfig */;
			buildSettings = {
				ASSETCATALOG_COMPILER_APPICON_NAME = AppIcon;
				ASSETCATALOG_COMPILER_GLOBAL_ACCENT_COLOR_NAME = AccentColor;
				CODE_SIGN_STYLE = Automatic;
				CURRENT_PROJECT_VERSION = 1;
				DEVELOPMENT_ASSET_PATHS = "\"CardX/Preview Content\"";
				DEVELOPMENT_TEAM = X4QCHY7VK3;
				ENABLE_PREVIEWS = YES;
				GENERATE_INFOPLIST_FILE = YES;
				INFOPLIST_FILE = CardX/Info.plist;
				INFOPLIST_KEY_NSLocationAlwaysUsageDescription = "Allow access to location to get weather data.";
				INFOPLIST_KEY_NSLocationWhenInUseUsageDescription = "Allow access to location to get weather data.";
				INFOPLIST_KEY_UIApplicationSceneManifest_Generation = YES;
				INFOPLIST_KEY_UIApplicationSupportsIndirectInputEvents = YES;
				INFOPLIST_KEY_UILaunchScreen_Generation = YES;
				INFOPLIST_KEY_UISupportedInterfaceOrientations_iPad = "UIInterfaceOrientationPortrait UIInterfaceOrientationPortraitUpsideDown UIInterfaceOrientationLandscapeLeft UIInterfaceOrientationLandscapeRight";
				INFOPLIST_KEY_UISupportedInterfaceOrientations_iPhone = "UIInterfaceOrientationPortrait UIInterfaceOrientationLandscapeLeft UIInterfaceOrientationLandscapeRight";
				LD_RUNPATH_SEARCH_PATHS = (
					"$(inherited)",
					"@executable_path/Frameworks",
				);
				MARKETING_VERSION = 1.0;
				PRODUCT_BUNDLE_IDENTIFIER = com.CardX.CardX;
				PRODUCT_NAME = "$(TARGET_NAME)";
				SWIFT_EMIT_LOC_STRINGS = YES;
				SWIFT_VERSION = 5.0;
				TARGETED_DEVICE_FAMILY = "1,2";
			};
			name = Release;
		};
/* End XCBuildConfiguration section */

/* Begin XCConfigurationList section */
		421DA1EA27A22FFF0073A877 /* Build configuration list for PBXProject "CardX" */ = {
			isa = XCConfigurationList;
			buildConfigurations = (
				421DA21127A230000073A877 /* Debug */,
				421DA21227A230000073A877 /* Release */,
			);
			defaultConfigurationIsVisible = 0;
			defaultConfigurationName = Release;
		};
		421DA21327A230000073A877 /* Build configuration list for PBXNativeTarget "CardX" */ = {
			isa = XCConfigurationList;
			buildConfigurations = (
				421DA21427A230000073A877 /* Debug */,
				421DA21527A230000073A877 /* Release */,
			);
			defaultConfigurationIsVisible = 0;
			defaultConfigurationName = Release;
		};
/* End XCConfigurationList section */

/* Begin XCRemoteSwiftPackageReference section */
		421BA58627CF004400F3C264 /* XCRemoteSwiftPackageReference "swiftui-visual-effects" */ = {
			isa = XCRemoteSwiftPackageReference;
			repositoryURL = "https://github.com/lucasbrown/swiftui-visual-effects.git";
			requirement = {
				branch = master;
				kind = branch;
			};
		};
/* End XCRemoteSwiftPackageReference section */

/* Begin XCSwiftPackageProductDependency section */
		421BA58727CF004400F3C264 /* SwiftUIVisualEffects */ = {
			isa = XCSwiftPackageProductDependency;
			package = 421BA58627CF004400F3C264 /* XCRemoteSwiftPackageReference "swiftui-visual-effects" */;
			productName = SwiftUIVisualEffects;
		};
/* End XCSwiftPackageProductDependency section */
	};
	rootObject = 421DA1E727A22FFF0073A877 /* Project object */;
}
