PODS:
  - Alamofire (5.6.1)
  - ExytePopupView (1.1.0)
  - HandyJSON (5.0.2)

DEPENDENCIES:
  - Alamofire (~> 5.5)
  - ExytePopupView
  - HandyJSON (~> 5.0.2)

SPEC REPOS:
  trunk:
    - Alamofire
    - ExytePopupView
    - HandyJSON

SPEC CHECKSUMS:
  Alamofire: 87bd8c952f9a4454320fce00d9cc3de57bcadaf5
  ExytePopupView: bc5c3d9154a6fd8c07c6fb6e9d29d6245e327fc6
  HandyJSON: 9e4e236f5d2dbefad5155a77417bbea438201c03

PODFILE CHECKSUM: d20095193f08c9baf88d764c1266004d9ef6fcf5

COCOAPODS: 1.11.3
